// !$*UTF8*$!
{
	archiveVersion = 1;
	classes = {
	};
	objectVersion = 46;
	objects = {

/* Begin PBXBuildFile section */
		6B3BD3D518D80A7200631E05 /* NSArray+TKCategory.m in Sources */ = {isa = PBXBuildFile; fileRef = 6B3BD37A18D80A7200631E05 /* NSArray+TKCategory.m */; };
		6B3BD3D618D80A7200631E05 /* NSDate+CalendarGrid.m in Sources */ = {isa = PBXBuildFile; fileRef = 6B3BD37C18D80A7200631E05 /* NSDate+CalendarGrid.m */; };
		6B3BD3D718D80A7200631E05 /* NSDate+TKCategory.m in Sources */ = {isa = PBXBuildFile; fileRef = 6B3BD37E18D80A7200631E05 /* NSDate+TKCategory.m */; };
		6B3BD3D818D80A7200631E05 /* NSString+TKCategory.m in Sources */ = {isa = PBXBuildFile; fileRef = 6B3BD38018D80A7200631E05 /* NSString+TKCategory.m */; };
		6B3BD3D918D80A7200631E05 /* TapDetectingView.m in Sources */ = {isa = PBXBuildFile; fileRef = 6B3BD38218D80A7200631E05 /* TapDetectingView.m */; };
		6B3BD3DB18D80A7200631E05 /* TKAlertCenter.m in Sources */ = {isa = PBXBuildFile; fileRef = 6B3BD38618D80A7200631E05 /* TKAlertCenter.m */; };
		6B3BD3DC18D80A7200631E05 /* TKAppDelegate.m in Sources */ = {isa = PBXBuildFile; fileRef = 6B3BD38818D80A7200631E05 /* TKAppDelegate.m */; };
		6B3BD3DD18D80A7200631E05 /* TKButtonCell.m in Sources */ = {isa = PBXBuildFile; fileRef = 6B3BD38A18D80A7200631E05 /* TKButtonCell.m */; };
		6B3BD3DE18D80A7200631E05 /* TKCalendarDayEventView.m in Sources */ = {isa = PBXBuildFile; fileRef = 6B3BD38C18D80A7200631E05 /* TKCalendarDayEventView.m */; settings = {COMPILER_FLAGS = "-w"; }; };
		6B3BD3DF18D80A7200631E05 /* TKCalendarDayTimelineView.m in Sources */ = {isa = PBXBuildFile; fileRef = 6B3BD38E18D80A7200631E05 /* TKCalendarDayTimelineView.m */; settings = {COMPILER_FLAGS = "-w"; }; };
		6B3BD3E018D80A7200631E05 /* TKCalendarDayViewController.m in Sources */ = {isa = PBXBuildFile; fileRef = 6B3BD39018D80A7200631E05 /* TKCalendarDayViewController.m */; };
		6B3BD3E118D80A7200631E05 /* TKCalendarMonthTableViewController.m in Sources */ = {isa = PBXBuildFile; fileRef = 6B3BD39218D80A7200631E05 /* TKCalendarMonthTableViewController.m */; settings = {COMPILER_FLAGS = "-w"; }; };
		6B3BD3E218D80A7200631E05 /* TKCalendarMonthView.m in Sources */ = {isa = PBXBuildFile; fileRef = 6B3BD39418D80A7200631E05 /* TKCalendarMonthView.m */; settings = {COMPILER_FLAGS = "-w"; }; };
		6B3BD3E318D80A7200631E05 /* TKCalendarMonthViewController.m in Sources */ = {isa = PBXBuildFile; fileRef = 6B3BD39618D80A7200631E05 /* TKCalendarMonthViewController.m */; settings = {COMPILER_FLAGS = "-w"; }; };
		6B3BD3E418D80A7200631E05 /* TKCoverflowCoverView.m in Sources */ = {isa = PBXBuildFile; fileRef = 6B3BD39818D80A7200631E05 /* TKCoverflowCoverView.m */; };
		6B3BD3E518D80A7200631E05 /* TKCoverflowView.m in Sources */ = {isa = PBXBuildFile; fileRef = 6B3BD39A18D80A7200631E05 /* TKCoverflowView.m */; };
		6B3BD3E618D80A7200631E05 /* TKEmptyView.m in Sources */ = {isa = PBXBuildFile; fileRef = 6B3BD39C18D80A7200631E05 /* TKEmptyView.m */; };
		6B3BD3E718D80A7200631E05 /* TKGlobal.m in Sources */ = {isa = PBXBuildFile; fileRef = 6B3BD39E18D80A7200631E05 /* TKGlobal.m */; };
		6B3BD3E818D80A7200631E05 /* TKGradientView.m in Sources */ = {isa = PBXBuildFile; fileRef = 6B3BD3A018D80A7200631E05 /* TKGradientView.m */; };
		6B3BD3E918D80A7200631E05 /* TKHTTPRequest.m in Sources */ = {isa = PBXBuildFile; fileRef = 6B3BD3A218D80A7200631E05 /* TKHTTPRequest.m */; settings = {COMPILER_FLAGS = "-w"; }; };
		6B3BD3EA18D80A7200631E05 /* TKImageCache.m in Sources */ = {isa = PBXBuildFile; fileRef = 6B3BD3A418D80A7200631E05 /* TKImageCache.m */; settings = {COMPILER_FLAGS = "-w"; }; };
		6B3BD3EB18D80A7200631E05 /* TKLabelCell.m in Sources */ = {isa = PBXBuildFile; fileRef = 6B3BD3A618D80A7200631E05 /* TKLabelCell.m */; };
		6B3BD3EC18D80A7200631E05 /* TKLabelFieldCell.m in Sources */ = {isa = PBXBuildFile; fileRef = 6B3BD3A818D80A7200631E05 /* TKLabelFieldCell.m */; };
		6B3BD3ED18D80A7200631E05 /* TKLabelSwitchCell.m in Sources */ = {isa = PBXBuildFile; fileRef = 6B3BD3AA18D80A7200631E05 /* TKLabelSwitchCell.m */; };
		6B3BD3EE18D80A7200631E05 /* TKLabelTextFieldCell.m in Sources */ = {isa = PBXBuildFile; fileRef = 6B3BD3AC18D80A7200631E05 /* TKLabelTextFieldCell.m */; };
		6B3BD3EF18D80A7200631E05 /* TKLabelTextViewCell.m in Sources */ = {isa = PBXBuildFile; fileRef = 6B3BD3AE18D80A7200631E05 /* TKLabelTextViewCell.m */; };
		6B3BD3F018D80A7200631E05 /* TKNetworkQueue.m in Sources */ = {isa = PBXBuildFile; fileRef = 6B3BD3B018D80A7200631E05 /* TKNetworkQueue.m */; };
		6B3BD3F118D80A7200631E05 /* TKProgressAlertView.m in Sources */ = {isa = PBXBuildFile; fileRef = 6B3BD3B218D80A7200631E05 /* TKProgressAlertView.m */; };
		6B3BD3F218D80A7200631E05 /* TKProgressBarView.m in Sources */ = {isa = PBXBuildFile; fileRef = 6B3BD3B418D80A7200631E05 /* TKProgressBarView.m */; };
		6B3BD3F318D80A7200631E05 /* TKProgressCircleView.m in Sources */ = {isa = PBXBuildFile; fileRef = 6B3BD3B618D80A7200631E05 /* TKProgressCircleView.m */; };
		6B3BD3F418D80A7200631E05 /* TKShapeView.m in Sources */ = {isa = PBXBuildFile; fileRef = 6B3BD3B818D80A7200631E05 /* TKShapeView.m */; };
		6B3BD3F518D80A7200631E05 /* TKSwitchCell.m in Sources */ = {isa = PBXBuildFile; fileRef = 6B3BD3BA18D80A7200631E05 /* TKSwitchCell.m */; };
		6B3BD3F618D80A7200631E05 /* TKTableViewCell.m in Sources */ = {isa = PBXBuildFile; fileRef = 6B3BD3BC18D80A7200631E05 /* TKTableViewCell.m */; };
		6B3BD3F718D80A7200631E05 /* TKTableViewController.m in Sources */ = {isa = PBXBuildFile; fileRef = 6B3BD3BE18D80A7200631E05 /* TKTableViewController.m */; };
		6B3BD3F818D80A7200631E05 /* TKTextViewCell.m in Sources */ = {isa = PBXBuildFile; fileRef = 6B3BD3C018D80A7200631E05 /* TKTextViewCell.m */; };
		6B3BD3F918D80A7200631E05 /* TKViewController.m in Sources */ = {isa = PBXBuildFile; fileRef = 6B3BD3C218D80A7200631E05 /* TKViewController.m */; };
		6B3BD3FA18D80A7200631E05 /* TKWindow.m in Sources */ = {isa = PBXBuildFile; fileRef = 6B3BD3C418D80A7200631E05 /* TKWindow.m */; };
		6B3BD3FB18D80A7200631E05 /* UIBarButtonItem+TKCategory.m in Sources */ = {isa = PBXBuildFile; fileRef = 6B3BD3C618D80A7200631E05 /* UIBarButtonItem+TKCategory.m */; };
		6B3BD3FC18D80A7200631E05 /* UIButton+TKCategory.m in Sources */ = {isa = PBXBuildFile; fileRef = 6B3BD3C818D80A7200631E05 /* UIButton+TKCategory.m */; };
		6B3BD3FD18D80A7200631E05 /* UIColor+TKCategory.m in Sources */ = {isa = PBXBuildFile; fileRef = 6B3BD3CA18D80A7200631E05 /* UIColor+TKCategory.m */; };
		6B3BD3FE18D80A7200631E05 /* UIImage+TKCategory.m in Sources */ = {isa = PBXBuildFile; fileRef = 6B3BD3CC18D80A7200631E05 /* UIImage+TKCategory.m */; };
		6B3BD3FF18D80A7200631E05 /* UIImageView+TKCategory.m in Sources */ = {isa = PBXBuildFile; fileRef = 6B3BD3CE18D80A7200631E05 /* UIImageView+TKCategory.m */; };
		6B3BD40018D80A7200631E05 /* UIScrollview+TKCategory.m in Sources */ = {isa = PBXBuildFile; fileRef = 6B3BD3D018D80A7200631E05 /* UIScrollview+TKCategory.m */; };
		6B3BD40118D80A7200631E05 /* UIView+TKCategory.m in Sources */ = {isa = PBXBuildFile; fileRef = 6B3BD3D218D80A7200631E05 /* UIView+TKCategory.m */; settings = {COMPILER_FLAGS = "-w"; }; };
		6B3BD40218D80A7200631E05 /* UIViewController+TKCategory.m in Sources */ = {isa = PBXBuildFile; fileRef = 6B3BD3D418D80A7200631E05 /* UIViewController+TKCategory.m */; settings = {COMPILER_FLAGS = "-w"; }; };
		6B3BD40318D80A8B00631E05 /* TapkuLibrary.bundle in Resources */ = {isa = PBXBuildFile; fileRef = 6B3BD38318D80A7200631E05 /* TapkuLibrary.bundle */; };
		6B813A2F18C0B0DB00D03A65 /* Foundation.framework in Frameworks */ = {isa = PBXBuildFile; fileRef = 6B813A2E18C0B0DB00D03A65 /* Foundation.framework */; };
		6B813A3118C0B0DB00D03A65 /* CoreGraphics.framework in Frameworks */ = {isa = PBXBuildFile; fileRef = 6B813A3018C0B0DB00D03A65 /* CoreGraphics.framework */; };
		6B813A3318C0B0DB00D03A65 /* UIKit.framework in Frameworks */ = {isa = PBXBuildFile; fileRef = 6B813A3218C0B0DB00D03A65 /* UIKit.framework */; };
		6B813A3B18C0B0DB00D03A65 /* main.m in Sources */ = {isa = PBXBuildFile; fileRef = 6B813A3A18C0B0DB00D03A65 /* main.m */; };
		6B813A3F18C0B0DB00D03A65 /* ProjectGOAppDelegate.m in Sources */ = {isa = PBXBuildFile; fileRef = 6B813A3E18C0B0DB00D03A65 /* ProjectGOAppDelegate.m */; };
		6B813A4818C0B0DB00D03A65 /* ProjectGOViewController.m in Sources */ = {isa = PBXBuildFile; fileRef = 6B813A4718C0B0DB00D03A65 /* ProjectGOViewController.m */; };
		6B813A5118C0B0DB00D03A65 /* XCTest.framework in Frameworks */ = {isa = PBXBuildFile; fileRef = 6B813A5018C0B0DB00D03A65 /* XCTest.framework */; };
		6B813A5218C0B0DB00D03A65 /* Foundation.framework in Frameworks */ = {isa = PBXBuildFile; fileRef = 6B813A2E18C0B0DB00D03A65 /* Foundation.framework */; };
		6B813A5318C0B0DB00D03A65 /* UIKit.framework in Frameworks */ = {isa = PBXBuildFile; fileRef = 6B813A3218C0B0DB00D03A65 /* UIKit.framework */; };
		6B813A5B18C0B0DB00D03A65 /* InfoPlist.strings in Resources */ = {isa = PBXBuildFile; fileRef = 6B813A5918C0B0DB00D03A65 /* InfoPlist.strings */; };
		6B813A5D18C0B0DB00D03A65 /* ProjectGOTests.m in Sources */ = {isa = PBXBuildFile; fileRef = 6B813A5C18C0B0DB00D03A65 /* ProjectGOTests.m */; };
		6B813A6718C0B12900D03A65 /* libsqlite3.dylib in Frameworks */ = {isa = PBXBuildFile; fileRef = 6B813A6618C0B12900D03A65 /* libsqlite3.dylib */; };
		6BDB4E1218D2F8350008E3D9 /* CalendarController.m in Sources */ = {isa = PBXBuildFile; fileRef = 6BDB4E1118D2F8350008E3D9 /* CalendarController.m */; };
		6BDB4E1818D766AE0008E3D9 /* CalendarViewController.m in Sources */ = {isa = PBXBuildFile; fileRef = 6BDB4E1718D766AE0008E3D9 /* CalendarViewController.m */; };
		B29B6CE818CE44B400BE31F1 /* ObligationCreationViewController.m in Sources */ = {isa = PBXBuildFile; fileRef = B29B6CE718CE44B400BE31F1 /* ObligationCreationViewController.m */; };
		B2AC9D9B18D2577200F90786 /* FindObligationViewController.m in Sources */ = {isa = PBXBuildFile; fileRef = B2AC9D9A18D2577200F90786 /* FindObligationViewController.m */; };
		B2E261D818CE6AD80091D5EC /* LoadAllObligationsViewController.m in Sources */ = {isa = PBXBuildFile; fileRef = B2E261D718CE6AD80091D5EC /* LoadAllObligationsViewController.m */; };
		EE4D30EF18D2330A0003B663 /* constants.m in Sources */ = {isa = PBXBuildFile; fileRef = EE4D30EE18D2330A0003B663 /* constants.m */; };
		EEB1B8A418D269E400FECB59 /* Main_iPad.storyboard in Resources */ = {isa = PBXBuildFile; fileRef = EEB1B8A218D269E400FECB59 /* Main_iPad.storyboard */; };
/* End PBXBuildFile section */

/* Begin PBXContainerItemProxy section */
		6B813A5418C0B0DB00D03A65 /* PBXContainerItemProxy */ = {
			isa = PBXContainerItemProxy;
			containerPortal = 6B813A2318C0B0DB00D03A65 /* Project object */;
			proxyType = 1;
			remoteGlobalIDString = 6B813A2A18C0B0DB00D03A65;
			remoteInfo = ProjectGo;
		};
/* End PBXContainerItemProxy section */

/* Begin PBXFileReference section */
		6B3BD37918D80A7200631E05 /* NSArray+TKCategory.h */ = {isa = PBXFileReference; fileEncoding = 4; lastKnownFileType = sourcecode.c.h; path = "NSArray+TKCategory.h"; sourceTree = "<group>"; };
		6B3BD37A18D80A7200631E05 /* NSArray+TKCategory.m */ = {isa = PBXFileReference; fileEncoding = 4; lastKnownFileType = sourcecode.c.objc; path = "NSArray+TKCategory.m"; sourceTree = "<group>"; };
		6B3BD37B18D80A7200631E05 /* NSDate+CalendarGrid.h */ = {isa = PBXFileReference; fileEncoding = 4; lastKnownFileType = sourcecode.c.h; path = "NSDate+CalendarGrid.h"; sourceTree = "<group>"; };
		6B3BD37C18D80A7200631E05 /* NSDate+CalendarGrid.m */ = {isa = PBXFileReference; fileEncoding = 4; lastKnownFileType = sourcecode.c.objc; path = "NSDate+CalendarGrid.m"; sourceTree = "<group>"; };
		6B3BD37D18D80A7200631E05 /* NSDate+TKCategory.h */ = {isa = PBXFileReference; fileEncoding = 4; lastKnownFileType = sourcecode.c.h; path = "NSDate+TKCategory.h"; sourceTree = "<group>"; };
		6B3BD37E18D80A7200631E05 /* NSDate+TKCategory.m */ = {isa = PBXFileReference; fileEncoding = 4; lastKnownFileType = sourcecode.c.objc; path = "NSDate+TKCategory.m"; sourceTree = "<group>"; };
		6B3BD37F18D80A7200631E05 /* NSString+TKCategory.h */ = {isa = PBXFileReference; fileEncoding = 4; lastKnownFileType = sourcecode.c.h; path = "NSString+TKCategory.h"; sourceTree = "<group>"; };
		6B3BD38018D80A7200631E05 /* NSString+TKCategory.m */ = {isa = PBXFileReference; fileEncoding = 4; lastKnownFileType = sourcecode.c.objc; path = "NSString+TKCategory.m"; sourceTree = "<group>"; };
		6B3BD38118D80A7200631E05 /* TapDetectingView.h */ = {isa = PBXFileReference; fileEncoding = 4; lastKnownFileType = sourcecode.c.h; path = TapDetectingView.h; sourceTree = "<group>"; };
		6B3BD38218D80A7200631E05 /* TapDetectingView.m */ = {isa = PBXFileReference; fileEncoding = 4; lastKnownFileType = sourcecode.c.objc; path = TapDetectingView.m; sourceTree = "<group>"; };
		6B3BD38318D80A7200631E05 /* TapkuLibrary.bundle */ = {isa = PBXFileReference; lastKnownFileType = "wrapper.plug-in"; path = TapkuLibrary.bundle; sourceTree = "<group>"; };
		6B3BD38418D80A7200631E05 /* TapkuLibrary.h */ = {isa = PBXFileReference; fileEncoding = 4; lastKnownFileType = sourcecode.c.h; path = TapkuLibrary.h; sourceTree = "<group>"; };
		6B3BD38518D80A7200631E05 /* TKAlertCenter.h */ = {isa = PBXFileReference; fileEncoding = 4; lastKnownFileType = sourcecode.c.h; path = TKAlertCenter.h; sourceTree = "<group>"; };
		6B3BD38618D80A7200631E05 /* TKAlertCenter.m */ = {isa = PBXFileReference; fileEncoding = 4; lastKnownFileType = sourcecode.c.objc; path = TKAlertCenter.m; sourceTree = "<group>"; };
		6B3BD38718D80A7200631E05 /* TKAppDelegate.h */ = {isa = PBXFileReference; fileEncoding = 4; lastKnownFileType = sourcecode.c.h; path = TKAppDelegate.h; sourceTree = "<group>"; };
		6B3BD38818D80A7200631E05 /* TKAppDelegate.m */ = {isa = PBXFileReference; fileEncoding = 4; lastKnownFileType = sourcecode.c.objc; path = TKAppDelegate.m; sourceTree = "<group>"; };
		6B3BD38918D80A7200631E05 /* TKButtonCell.h */ = {isa = PBXFileReference; fileEncoding = 4; lastKnownFileType = sourcecode.c.h; path = TKButtonCell.h; sourceTree = "<group>"; };
		6B3BD38A18D80A7200631E05 /* TKButtonCell.m */ = {isa = PBXFileReference; fileEncoding = 4; lastKnownFileType = sourcecode.c.objc; path = TKButtonCell.m; sourceTree = "<group>"; };
		6B3BD38B18D80A7200631E05 /* TKCalendarDayEventView.h */ = {isa = PBXFileReference; fileEncoding = 4; lastKnownFileType = sourcecode.c.h; path = TKCalendarDayEventView.h; sourceTree = "<group>"; };
		6B3BD38C18D80A7200631E05 /* TKCalendarDayEventView.m */ = {isa = PBXFileReference; fileEncoding = 4; lastKnownFileType = sourcecode.c.objc; path = TKCalendarDayEventView.m; sourceTree = "<group>"; };
		6B3BD38D18D80A7200631E05 /* TKCalendarDayTimelineView.h */ = {isa = PBXFileReference; fileEncoding = 4; lastKnownFileType = sourcecode.c.h; path = TKCalendarDayTimelineView.h; sourceTree = "<group>"; };
		6B3BD38E18D80A7200631E05 /* TKCalendarDayTimelineView.m */ = {isa = PBXFileReference; fileEncoding = 4; lastKnownFileType = sourcecode.c.objc; path = TKCalendarDayTimelineView.m; sourceTree = "<group>"; };
		6B3BD38F18D80A7200631E05 /* TKCalendarDayViewController.h */ = {isa = PBXFileReference; fileEncoding = 4; lastKnownFileType = sourcecode.c.h; path = TKCalendarDayViewController.h; sourceTree = "<group>"; };
		6B3BD39018D80A7200631E05 /* TKCalendarDayViewController.m */ = {isa = PBXFileReference; fileEncoding = 4; lastKnownFileType = sourcecode.c.objc; path = TKCalendarDayViewController.m; sourceTree = "<group>"; };
		6B3BD39118D80A7200631E05 /* TKCalendarMonthTableViewController.h */ = {isa = PBXFileReference; fileEncoding = 4; lastKnownFileType = sourcecode.c.h; path = TKCalendarMonthTableViewController.h; sourceTree = "<group>"; };
		6B3BD39218D80A7200631E05 /* TKCalendarMonthTableViewController.m */ = {isa = PBXFileReference; fileEncoding = 4; lastKnownFileType = sourcecode.c.objc; path = TKCalendarMonthTableViewController.m; sourceTree = "<group>"; };
		6B3BD39318D80A7200631E05 /* TKCalendarMonthView.h */ = {isa = PBXFileReference; fileEncoding = 4; lastKnownFileType = sourcecode.c.h; path = TKCalendarMonthView.h; sourceTree = "<group>"; };
		6B3BD39418D80A7200631E05 /* TKCalendarMonthView.m */ = {isa = PBXFileReference; fileEncoding = 4; lastKnownFileType = sourcecode.c.objc; path = TKCalendarMonthView.m; sourceTree = "<group>"; };
		6B3BD39518D80A7200631E05 /* TKCalendarMonthViewController.h */ = {isa = PBXFileReference; fileEncoding = 4; lastKnownFileType = sourcecode.c.h; path = TKCalendarMonthViewController.h; sourceTree = "<group>"; };
		6B3BD39618D80A7200631E05 /* TKCalendarMonthViewController.m */ = {isa = PBXFileReference; fileEncoding = 4; lastKnownFileType = sourcecode.c.objc; path = TKCalendarMonthViewController.m; sourceTree = "<group>"; };
		6B3BD39718D80A7200631E05 /* TKCoverflowCoverView.h */ = {isa = PBXFileReference; fileEncoding = 4; lastKnownFileType = sourcecode.c.h; path = TKCoverflowCoverView.h; sourceTree = "<group>"; };
		6B3BD39818D80A7200631E05 /* TKCoverflowCoverView.m */ = {isa = PBXFileReference; fileEncoding = 4; lastKnownFileType = sourcecode.c.objc; path = TKCoverflowCoverView.m; sourceTree = "<group>"; };
		6B3BD39918D80A7200631E05 /* TKCoverflowView.h */ = {isa = PBXFileReference; fileEncoding = 4; lastKnownFileType = sourcecode.c.h; path = TKCoverflowView.h; sourceTree = "<group>"; };
		6B3BD39A18D80A7200631E05 /* TKCoverflowView.m */ = {isa = PBXFileReference; fileEncoding = 4; lastKnownFileType = sourcecode.c.objc; path = TKCoverflowView.m; sourceTree = "<group>"; };
		6B3BD39B18D80A7200631E05 /* TKEmptyView.h */ = {isa = PBXFileReference; fileEncoding = 4; lastKnownFileType = sourcecode.c.h; path = TKEmptyView.h; sourceTree = "<group>"; };
		6B3BD39C18D80A7200631E05 /* TKEmptyView.m */ = {isa = PBXFileReference; fileEncoding = 4; lastKnownFileType = sourcecode.c.objc; path = TKEmptyView.m; sourceTree = "<group>"; };
		6B3BD39D18D80A7200631E05 /* TKGlobal.h */ = {isa = PBXFileReference; fileEncoding = 4; lastKnownFileType = sourcecode.c.h; path = TKGlobal.h; sourceTree = "<group>"; };
		6B3BD39E18D80A7200631E05 /* TKGlobal.m */ = {isa = PBXFileReference; fileEncoding = 4; lastKnownFileType = sourcecode.c.objc; path = TKGlobal.m; sourceTree = "<group>"; };
		6B3BD39F18D80A7200631E05 /* TKGradientView.h */ = {isa = PBXFileReference; fileEncoding = 4; lastKnownFileType = sourcecode.c.h; path = TKGradientView.h; sourceTree = "<group>"; };
		6B3BD3A018D80A7200631E05 /* TKGradientView.m */ = {isa = PBXFileReference; fileEncoding = 4; lastKnownFileType = sourcecode.c.objc; path = TKGradientView.m; sourceTree = "<group>"; };
		6B3BD3A118D80A7200631E05 /* TKHTTPRequest.h */ = {isa = PBXFileReference; fileEncoding = 4; lastKnownFileType = sourcecode.c.h; path = TKHTTPRequest.h; sourceTree = "<group>"; };
		6B3BD3A218D80A7200631E05 /* TKHTTPRequest.m */ = {isa = PBXFileReference; fileEncoding = 4; lastKnownFileType = sourcecode.c.objc; path = TKHTTPRequest.m; sourceTree = "<group>"; };
		6B3BD3A318D80A7200631E05 /* TKImageCache.h */ = {isa = PBXFileReference; fileEncoding = 4; lastKnownFileType = sourcecode.c.h; path = TKImageCache.h; sourceTree = "<group>"; };
		6B3BD3A418D80A7200631E05 /* TKImageCache.m */ = {isa = PBXFileReference; fileEncoding = 4; lastKnownFileType = sourcecode.c.objc; path = TKImageCache.m; sourceTree = "<group>"; };
		6B3BD3A518D80A7200631E05 /* TKLabelCell.h */ = {isa = PBXFileReference; fileEncoding = 4; lastKnownFileType = sourcecode.c.h; path = TKLabelCell.h; sourceTree = "<group>"; };
		6B3BD3A618D80A7200631E05 /* TKLabelCell.m */ = {isa = PBXFileReference; fileEncoding = 4; lastKnownFileType = sourcecode.c.objc; path = TKLabelCell.m; sourceTree = "<group>"; };
		6B3BD3A718D80A7200631E05 /* TKLabelFieldCell.h */ = {isa = PBXFileReference; fileEncoding = 4; lastKnownFileType = sourcecode.c.h; path = TKLabelFieldCell.h; sourceTree = "<group>"; };
		6B3BD3A818D80A7200631E05 /* TKLabelFieldCell.m */ = {isa = PBXFileReference; fileEncoding = 4; lastKnownFileType = sourcecode.c.objc; path = TKLabelFieldCell.m; sourceTree = "<group>"; };
		6B3BD3A918D80A7200631E05 /* TKLabelSwitchCell.h */ = {isa = PBXFileReference; fileEncoding = 4; lastKnownFileType = sourcecode.c.h; path = TKLabelSwitchCell.h; sourceTree = "<group>"; };
		6B3BD3AA18D80A7200631E05 /* TKLabelSwitchCell.m */ = {isa = PBXFileReference; fileEncoding = 4; lastKnownFileType = sourcecode.c.objc; path = TKLabelSwitchCell.m; sourceTree = "<group>"; };
		6B3BD3AB18D80A7200631E05 /* TKLabelTextFieldCell.h */ = {isa = PBXFileReference; fileEncoding = 4; lastKnownFileType = sourcecode.c.h; path = TKLabelTextFieldCell.h; sourceTree = "<group>"; };
		6B3BD3AC18D80A7200631E05 /* TKLabelTextFieldCell.m */ = {isa = PBXFileReference; fileEncoding = 4; lastKnownFileType = sourcecode.c.objc; path = TKLabelTextFieldCell.m; sourceTree = "<group>"; };
		6B3BD3AD18D80A7200631E05 /* TKLabelTextViewCell.h */ = {isa = PBXFileReference; fileEncoding = 4; lastKnownFileType = sourcecode.c.h; path = TKLabelTextViewCell.h; sourceTree = "<group>"; };
		6B3BD3AE18D80A7200631E05 /* TKLabelTextViewCell.m */ = {isa = PBXFileReference; fileEncoding = 4; lastKnownFileType = sourcecode.c.objc; path = TKLabelTextViewCell.m; sourceTree = "<group>"; };
		6B3BD3AF18D80A7200631E05 /* TKNetworkQueue.h */ = {isa = PBXFileReference; fileEncoding = 4; lastKnownFileType = sourcecode.c.h; path = TKNetworkQueue.h; sourceTree = "<group>"; };
		6B3BD3B018D80A7200631E05 /* TKNetworkQueue.m */ = {isa = PBXFileReference; fileEncoding = 4; lastKnownFileType = sourcecode.c.objc; path = TKNetworkQueue.m; sourceTree = "<group>"; };
		6B3BD3B118D80A7200631E05 /* TKProgressAlertView.h */ = {isa = PBXFileReference; fileEncoding = 4; lastKnownFileType = sourcecode.c.h; path = TKProgressAlertView.h; sourceTree = "<group>"; };
		6B3BD3B218D80A7200631E05 /* TKProgressAlertView.m */ = {isa = PBXFileReference; fileEncoding = 4; lastKnownFileType = sourcecode.c.objc; path = TKProgressAlertView.m; sourceTree = "<group>"; };
		6B3BD3B318D80A7200631E05 /* TKProgressBarView.h */ = {isa = PBXFileReference; fileEncoding = 4; lastKnownFileType = sourcecode.c.h; path = TKProgressBarView.h; sourceTree = "<group>"; };
		6B3BD3B418D80A7200631E05 /* TKProgressBarView.m */ = {isa = PBXFileReference; fileEncoding = 4; lastKnownFileType = sourcecode.c.objc; path = TKProgressBarView.m; sourceTree = "<group>"; };
		6B3BD3B518D80A7200631E05 /* TKProgressCircleView.h */ = {isa = PBXFileReference; fileEncoding = 4; lastKnownFileType = sourcecode.c.h; path = TKProgressCircleView.h; sourceTree = "<group>"; };
		6B3BD3B618D80A7200631E05 /* TKProgressCircleView.m */ = {isa = PBXFileReference; fileEncoding = 4; lastKnownFileType = sourcecode.c.objc; path = TKProgressCircleView.m; sourceTree = "<group>"; };
		6B3BD3B718D80A7200631E05 /* TKShapeView.h */ = {isa = PBXFileReference; fileEncoding = 4; lastKnownFileType = sourcecode.c.h; path = TKShapeView.h; sourceTree = "<group>"; };
		6B3BD3B818D80A7200631E05 /* TKShapeView.m */ = {isa = PBXFileReference; fileEncoding = 4; lastKnownFileType = sourcecode.c.objc; path = TKShapeView.m; sourceTree = "<group>"; };
		6B3BD3B918D80A7200631E05 /* TKSwitchCell.h */ = {isa = PBXFileReference; fileEncoding = 4; lastKnownFileType = sourcecode.c.h; path = TKSwitchCell.h; sourceTree = "<group>"; };
		6B3BD3BA18D80A7200631E05 /* TKSwitchCell.m */ = {isa = PBXFileReference; fileEncoding = 4; lastKnownFileType = sourcecode.c.objc; path = TKSwitchCell.m; sourceTree = "<group>"; };
		6B3BD3BB18D80A7200631E05 /* TKTableViewCell.h */ = {isa = PBXFileReference; fileEncoding = 4; lastKnownFileType = sourcecode.c.h; path = TKTableViewCell.h; sourceTree = "<group>"; };
		6B3BD3BC18D80A7200631E05 /* TKTableViewCell.m */ = {isa = PBXFileReference; fileEncoding = 4; lastKnownFileType = sourcecode.c.objc; path = TKTableViewCell.m; sourceTree = "<group>"; };
		6B3BD3BD18D80A7200631E05 /* TKTableViewController.h */ = {isa = PBXFileReference; fileEncoding = 4; lastKnownFileType = sourcecode.c.h; path = TKTableViewController.h; sourceTree = "<group>"; };
		6B3BD3BE18D80A7200631E05 /* TKTableViewController.m */ = {isa = PBXFileReference; fileEncoding = 4; lastKnownFileType = sourcecode.c.objc; path = TKTableViewController.m; sourceTree = "<group>"; };
		6B3BD3BF18D80A7200631E05 /* TKTextViewCell.h */ = {isa = PBXFileReference; fileEncoding = 4; lastKnownFileType = sourcecode.c.h; path = TKTextViewCell.h; sourceTree = "<group>"; };
		6B3BD3C018D80A7200631E05 /* TKTextViewCell.m */ = {isa = PBXFileReference; fileEncoding = 4; lastKnownFileType = sourcecode.c.objc; path = TKTextViewCell.m; sourceTree = "<group>"; };
		6B3BD3C118D80A7200631E05 /* TKViewController.h */ = {isa = PBXFileReference; fileEncoding = 4; lastKnownFileType = sourcecode.c.h; path = TKViewController.h; sourceTree = "<group>"; };
		6B3BD3C218D80A7200631E05 /* TKViewController.m */ = {isa = PBXFileReference; fileEncoding = 4; lastKnownFileType = sourcecode.c.objc; path = TKViewController.m; sourceTree = "<group>"; };
		6B3BD3C318D80A7200631E05 /* TKWindow.h */ = {isa = PBXFileReference; fileEncoding = 4; lastKnownFileType = sourcecode.c.h; path = TKWindow.h; sourceTree = "<group>"; };
		6B3BD3C418D80A7200631E05 /* TKWindow.m */ = {isa = PBXFileReference; fileEncoding = 4; lastKnownFileType = sourcecode.c.objc; path = TKWindow.m; sourceTree = "<group>"; };
		6B3BD3C518D80A7200631E05 /* UIBarButtonItem+TKCategory.h */ = {isa = PBXFileReference; fileEncoding = 4; lastKnownFileType = sourcecode.c.h; path = "UIBarButtonItem+TKCategory.h"; sourceTree = "<group>"; };
		6B3BD3C618D80A7200631E05 /* UIBarButtonItem+TKCategory.m */ = {isa = PBXFileReference; fileEncoding = 4; lastKnownFileType = sourcecode.c.objc; path = "UIBarButtonItem+TKCategory.m"; sourceTree = "<group>"; };
		6B3BD3C718D80A7200631E05 /* UIButton+TKCategory.h */ = {isa = PBXFileReference; fileEncoding = 4; lastKnownFileType = sourcecode.c.h; path = "UIButton+TKCategory.h"; sourceTree = "<group>"; };
		6B3BD3C818D80A7200631E05 /* UIButton+TKCategory.m */ = {isa = PBXFileReference; fileEncoding = 4; lastKnownFileType = sourcecode.c.objc; path = "UIButton+TKCategory.m"; sourceTree = "<group>"; };
		6B3BD3C918D80A7200631E05 /* UIColor+TKCategory.h */ = {isa = PBXFileReference; fileEncoding = 4; lastKnownFileType = sourcecode.c.h; path = "UIColor+TKCategory.h"; sourceTree = "<group>"; };
		6B3BD3CA18D80A7200631E05 /* UIColor+TKCategory.m */ = {isa = PBXFileReference; fileEncoding = 4; lastKnownFileType = sourcecode.c.objc; path = "UIColor+TKCategory.m"; sourceTree = "<group>"; };
		6B3BD3CB18D80A7200631E05 /* UIImage+TKCategory.h */ = {isa = PBXFileReference; fileEncoding = 4; lastKnownFileType = sourcecode.c.h; path = "UIImage+TKCategory.h"; sourceTree = "<group>"; };
		6B3BD3CC18D80A7200631E05 /* UIImage+TKCategory.m */ = {isa = PBXFileReference; fileEncoding = 4; lastKnownFileType = sourcecode.c.objc; path = "UIImage+TKCategory.m"; sourceTree = "<group>"; };
		6B3BD3CD18D80A7200631E05 /* UIImageView+TKCategory.h */ = {isa = PBXFileReference; fileEncoding = 4; lastKnownFileType = sourcecode.c.h; path = "UIImageView+TKCategory.h"; sourceTree = "<group>"; };
		6B3BD3CE18D80A7200631E05 /* UIImageView+TKCategory.m */ = {isa = PBXFileReference; fileEncoding = 4; lastKnownFileType = sourcecode.c.objc; path = "UIImageView+TKCategory.m"; sourceTree = "<group>"; };
		6B3BD3CF18D80A7200631E05 /* UIScrollview+TKCategory.h */ = {isa = PBXFileReference; fileEncoding = 4; lastKnownFileType = sourcecode.c.h; path = "UIScrollview+TKCategory.h"; sourceTree = "<group>"; };
		6B3BD3D018D80A7200631E05 /* UIScrollview+TKCategory.m */ = {isa = PBXFileReference; fileEncoding = 4; lastKnownFileType = sourcecode.c.objc; path = "UIScrollview+TKCategory.m"; sourceTree = "<group>"; };
		6B3BD3D118D80A7200631E05 /* UIView+TKCategory.h */ = {isa = PBXFileReference; fileEncoding = 4; lastKnownFileType = sourcecode.c.h; path = "UIView+TKCategory.h"; sourceTree = "<group>"; };
		6B3BD3D218D80A7200631E05 /* UIView+TKCategory.m */ = {isa = PBXFileReference; fileEncoding = 4; lastKnownFileType = sourcecode.c.objc; path = "UIView+TKCategory.m"; sourceTree = "<group>"; };
		6B3BD3D318D80A7200631E05 /* UIViewController+TKCategory.h */ = {isa = PBXFileReference; fileEncoding = 4; lastKnownFileType = sourcecode.c.h; path = "UIViewController+TKCategory.h"; sourceTree = "<group>"; };
		6B3BD3D418D80A7200631E05 /* UIViewController+TKCategory.m */ = {isa = PBXFileReference; fileEncoding = 4; lastKnownFileType = sourcecode.c.objc; path = "UIViewController+TKCategory.m"; sourceTree = "<group>"; };
		6B813A2B18C0B0DB00D03A65 /* ProjectGo.app */ = {isa = PBXFileReference; explicitFileType = wrapper.application; includeInIndex = 0; path = ProjectGo.app; sourceTree = BUILT_PRODUCTS_DIR; };
		6B813A2E18C0B0DB00D03A65 /* Foundation.framework */ = {isa = PBXFileReference; lastKnownFileType = wrapper.framework; name = Foundation.framework; path = System/Library/Frameworks/Foundation.framework; sourceTree = SDKROOT; };
		6B813A3018C0B0DB00D03A65 /* CoreGraphics.framework */ = {isa = PBXFileReference; lastKnownFileType = wrapper.framework; name = CoreGraphics.framework; path = System/Library/Frameworks/CoreGraphics.framework; sourceTree = SDKROOT; };
		6B813A3218C0B0DB00D03A65 /* UIKit.framework */ = {isa = PBXFileReference; lastKnownFileType = wrapper.framework; name = UIKit.framework; path = System/Library/Frameworks/UIKit.framework; sourceTree = SDKROOT; };
		6B813A3618C0B0DB00D03A65 /* ProjectGO-Info.plist */ = {isa = PBXFileReference; lastKnownFileType = text.plist.xml; path = "ProjectGO-Info.plist"; sourceTree = "<group>"; };
		6B813A3818C0B0DB00D03A65 /* en */ = {isa = PBXFileReference; lastKnownFileType = text.plist.strings; name = en; path = en.lproj/InfoPlist.strings; sourceTree = "<group>"; };
		6B813A3A18C0B0DB00D03A65 /* main.m */ = {isa = PBXFileReference; lastKnownFileType = sourcecode.c.objc; path = main.m; sourceTree = "<group>"; };
		6B813A3C18C0B0DB00D03A65 /* ProjectGO-Prefix.pch */ = {isa = PBXFileReference; lastKnownFileType = sourcecode.c.h; path = "ProjectGO-Prefix.pch"; sourceTree = "<group>"; };
		6B813A3D18C0B0DB00D03A65 /* ProjectGOAppDelegate.h */ = {isa = PBXFileReference; lastKnownFileType = sourcecode.c.h; path = ProjectGOAppDelegate.h; sourceTree = "<group>"; };
		6B813A3E18C0B0DB00D03A65 /* ProjectGOAppDelegate.m */ = {isa = PBXFileReference; lastKnownFileType = sourcecode.c.objc; path = ProjectGOAppDelegate.m; sourceTree = "<group>"; };
		6B813A4618C0B0DB00D03A65 /* ProjectGOViewController.h */ = {isa = PBXFileReference; lastKnownFileType = sourcecode.c.h; path = ProjectGOViewController.h; sourceTree = "<group>"; };
		6B813A4718C0B0DB00D03A65 /* ProjectGOViewController.m */ = {isa = PBXFileReference; lastKnownFileType = sourcecode.c.objc; path = ProjectGOViewController.m; sourceTree = "<group>"; };
		6B813A4918C0B0DB00D03A65 /* Images.xcassets */ = {isa = PBXFileReference; lastKnownFileType = folder; path = Images.xcassets; sourceTree = "<group>"; };
		6B813A4F18C0B0DB00D03A65 /* ProjectGoTests.xctest */ = {isa = PBXFileReference; explicitFileType = wrapper.cfbundle; includeInIndex = 0; path = ProjectGoTests.xctest; sourceTree = BUILT_PRODUCTS_DIR; };
		6B813A5018C0B0DB00D03A65 /* XCTest.framework */ = {isa = PBXFileReference; lastKnownFileType = wrapper.framework; name = XCTest.framework; path = Library/Frameworks/XCTest.framework; sourceTree = DEVELOPER_DIR; };
		6B813A5818C0B0DB00D03A65 /* ProjectGOTests-Info.plist */ = {isa = PBXFileReference; lastKnownFileType = text.plist.xml; path = "ProjectGOTests-Info.plist"; sourceTree = "<group>"; };
		6B813A5A18C0B0DB00D03A65 /* en */ = {isa = PBXFileReference; lastKnownFileType = text.plist.strings; name = en; path = en.lproj/InfoPlist.strings; sourceTree = "<group>"; };
		6B813A5C18C0B0DB00D03A65 /* ProjectGOTests.m */ = {isa = PBXFileReference; lastKnownFileType = sourcecode.c.objc; path = ProjectGOTests.m; sourceTree = "<group>"; };
		6B813A6618C0B12900D03A65 /* libsqlite3.dylib */ = {isa = PBXFileReference; lastKnownFileType = "compiled.mach-o.dylib"; name = libsqlite3.dylib; path = usr/lib/libsqlite3.dylib; sourceTree = SDKROOT; };
		6BDB4E1018D2F8350008E3D9 /* CalendarController.h */ = {isa = PBXFileReference; fileEncoding = 4; lastKnownFileType = sourcecode.c.h; path = CalendarController.h; sourceTree = "<group>"; };
		6BDB4E1118D2F8350008E3D9 /* CalendarController.m */ = {isa = PBXFileReference; fileEncoding = 4; lastKnownFileType = sourcecode.c.objc; path = CalendarController.m; sourceTree = "<group>"; };
		6BDB4E1618D766AE0008E3D9 /* CalendarViewController.h */ = {isa = PBXFileReference; fileEncoding = 4; lastKnownFileType = sourcecode.c.h; path = CalendarViewController.h; sourceTree = "<group>"; };
		6BDB4E1718D766AE0008E3D9 /* CalendarViewController.m */ = {isa = PBXFileReference; fileEncoding = 4; lastKnownFileType = sourcecode.c.objc; path = CalendarViewController.m; sourceTree = "<group>"; };
		A94DD3C218CE61E90029C02F /* constants.h */ = {isa = PBXFileReference; fileEncoding = 4; lastKnownFileType = sourcecode.c.h; path = constants.h; sourceTree = "<group>"; };
		B29B6CE718CE44B400BE31F1 /* ObligationCreationViewController.m */ = {isa = PBXFileReference; fileEncoding = 4; lastKnownFileType = sourcecode.c.objc; path = ObligationCreationViewController.m; sourceTree = "<group>"; };
		B2AC9D9918D2577200F90786 /* FindObligationViewController.h */ = {isa = PBXFileReference; fileEncoding = 4; lastKnownFileType = sourcecode.c.h; path = FindObligationViewController.h; sourceTree = "<group>"; };
		B2AC9D9A18D2577200F90786 /* FindObligationViewController.m */ = {isa = PBXFileReference; fileEncoding = 4; lastKnownFileType = sourcecode.c.objc; path = FindObligationViewController.m; sourceTree = "<group>"; };
		B2E261D618CE6AD80091D5EC /* LoadAllObligationsViewController.h */ = {isa = PBXFileReference; fileEncoding = 4; lastKnownFileType = sourcecode.c.h; path = LoadAllObligationsViewController.h; sourceTree = "<group>"; };
		B2E261D718CE6AD80091D5EC /* LoadAllObligationsViewController.m */ = {isa = PBXFileReference; fileEncoding = 4; lastKnownFileType = sourcecode.c.objc; path = LoadAllObligationsViewController.m; sourceTree = "<group>"; };
		EE4D30EE18D2330A0003B663 /* constants.m */ = {isa = PBXFileReference; fileEncoding = 4; lastKnownFileType = sourcecode.c.objc; path = constants.m; sourceTree = "<group>"; };
		EEB1B8A318D269E400FECB59 /* Base */ = {isa = PBXFileReference; lastKnownFileType = file.storyboard; name = Base; path = ProjectGO/Base.lproj/Main_iPad.storyboard; sourceTree = "<group>"; };
/* End PBXFileReference section */

/* Begin PBXFrameworksBuildPhase section */
		6B813A2818C0B0DB00D03A65 /* Frameworks */ = {
			isa = PBXFrameworksBuildPhase;
			buildActionMask = 2147483647;
			files = (
				6B813A6718C0B12900D03A65 /* libsqlite3.dylib in Frameworks */,
				6B813A3118C0B0DB00D03A65 /* CoreGraphics.framework in Frameworks */,
				6B813A3318C0B0DB00D03A65 /* UIKit.framework in Frameworks */,
				6B813A2F18C0B0DB00D03A65 /* Foundation.framework in Frameworks */,
			);
			runOnlyForDeploymentPostprocessing = 0;
		};
		6B813A4C18C0B0DB00D03A65 /* Frameworks */ = {
			isa = PBXFrameworksBuildPhase;
			buildActionMask = 2147483647;
			files = (
				6B813A5118C0B0DB00D03A65 /* XCTest.framework in Frameworks */,
				6B813A5318C0B0DB00D03A65 /* UIKit.framework in Frameworks */,
				6B813A5218C0B0DB00D03A65 /* Foundation.framework in Frameworks */,
			);
			runOnlyForDeploymentPostprocessing = 0;
		};
/* End PBXFrameworksBuildPhase section */

/* Begin PBXGroup section */
		6B3171CC18D28ED0000FBBE5 /* Library */ = {
			isa = PBXGroup;
			children = (
				6B3BD37818D80A7200631E05 /* TapkuLibrary */,
			);
			name = Library;
			sourceTree = "<group>";
		};
		6B3BD37818D80A7200631E05 /* TapkuLibrary */ = {
			isa = PBXGroup;
			children = (
				6B3BD37918D80A7200631E05 /* NSArray+TKCategory.h */,
				6B3BD37A18D80A7200631E05 /* NSArray+TKCategory.m */,
				6B3BD37B18D80A7200631E05 /* NSDate+CalendarGrid.h */,
				6B3BD37C18D80A7200631E05 /* NSDate+CalendarGrid.m */,
				6B3BD37D18D80A7200631E05 /* NSDate+TKCategory.h */,
				6B3BD37E18D80A7200631E05 /* NSDate+TKCategory.m */,
				6B3BD37F18D80A7200631E05 /* NSString+TKCategory.h */,
				6B3BD38018D80A7200631E05 /* NSString+TKCategory.m */,
				6B3BD38118D80A7200631E05 /* TapDetectingView.h */,
				6B3BD38218D80A7200631E05 /* TapDetectingView.m */,
				6B3BD38318D80A7200631E05 /* TapkuLibrary.bundle */,
				6B3BD38418D80A7200631E05 /* TapkuLibrary.h */,
				6B3BD38518D80A7200631E05 /* TKAlertCenter.h */,
				6B3BD38618D80A7200631E05 /* TKAlertCenter.m */,
				6B3BD38718D80A7200631E05 /* TKAppDelegate.h */,
				6B3BD38818D80A7200631E05 /* TKAppDelegate.m */,
				6B3BD38918D80A7200631E05 /* TKButtonCell.h */,
				6B3BD38A18D80A7200631E05 /* TKButtonCell.m */,
				6B3BD38B18D80A7200631E05 /* TKCalendarDayEventView.h */,
				6B3BD38C18D80A7200631E05 /* TKCalendarDayEventView.m */,
				6B3BD38D18D80A7200631E05 /* TKCalendarDayTimelineView.h */,
				6B3BD38E18D80A7200631E05 /* TKCalendarDayTimelineView.m */,
				6B3BD38F18D80A7200631E05 /* TKCalendarDayViewController.h */,
				6B3BD39018D80A7200631E05 /* TKCalendarDayViewController.m */,
				6B3BD39118D80A7200631E05 /* TKCalendarMonthTableViewController.h */,
				6B3BD39218D80A7200631E05 /* TKCalendarMonthTableViewController.m */,
				6B3BD39318D80A7200631E05 /* TKCalendarMonthView.h */,
				6B3BD39418D80A7200631E05 /* TKCalendarMonthView.m */,
				6B3BD39518D80A7200631E05 /* TKCalendarMonthViewController.h */,
				6B3BD39618D80A7200631E05 /* TKCalendarMonthViewController.m */,
				6B3BD39718D80A7200631E05 /* TKCoverflowCoverView.h */,
				6B3BD39818D80A7200631E05 /* TKCoverflowCoverView.m */,
				6B3BD39918D80A7200631E05 /* TKCoverflowView.h */,
				6B3BD39A18D80A7200631E05 /* TKCoverflowView.m */,
				6B3BD39B18D80A7200631E05 /* TKEmptyView.h */,
				6B3BD39C18D80A7200631E05 /* TKEmptyView.m */,
				6B3BD39D18D80A7200631E05 /* TKGlobal.h */,
				6B3BD39E18D80A7200631E05 /* TKGlobal.m */,
				6B3BD39F18D80A7200631E05 /* TKGradientView.h */,
				6B3BD3A018D80A7200631E05 /* TKGradientView.m */,
				6B3BD3A118D80A7200631E05 /* TKHTTPRequest.h */,
				6B3BD3A218D80A7200631E05 /* TKHTTPRequest.m */,
				6B3BD3A318D80A7200631E05 /* TKImageCache.h */,
				6B3BD3A418D80A7200631E05 /* TKImageCache.m */,
				6B3BD3A518D80A7200631E05 /* TKLabelCell.h */,
				6B3BD3A618D80A7200631E05 /* TKLabelCell.m */,
				6B3BD3A718D80A7200631E05 /* TKLabelFieldCell.h */,
				6B3BD3A818D80A7200631E05 /* TKLabelFieldCell.m */,
				6B3BD3A918D80A7200631E05 /* TKLabelSwitchCell.h */,
				6B3BD3AA18D80A7200631E05 /* TKLabelSwitchCell.m */,
				6B3BD3AB18D80A7200631E05 /* TKLabelTextFieldCell.h */,
				6B3BD3AC18D80A7200631E05 /* TKLabelTextFieldCell.m */,
				6B3BD3AD18D80A7200631E05 /* TKLabelTextViewCell.h */,
				6B3BD3AE18D80A7200631E05 /* TKLabelTextViewCell.m */,
				6B3BD3AF18D80A7200631E05 /* TKNetworkQueue.h */,
				6B3BD3B018D80A7200631E05 /* TKNetworkQueue.m */,
				6B3BD3B118D80A7200631E05 /* TKProgressAlertView.h */,
				6B3BD3B218D80A7200631E05 /* TKProgressAlertView.m */,
				6B3BD3B318D80A7200631E05 /* TKProgressBarView.h */,
				6B3BD3B418D80A7200631E05 /* TKProgressBarView.m */,
				6B3BD3B518D80A7200631E05 /* TKProgressCircleView.h */,
				6B3BD3B618D80A7200631E05 /* TKProgressCircleView.m */,
				6B3BD3B718D80A7200631E05 /* TKShapeView.h */,
				6B3BD3B818D80A7200631E05 /* TKShapeView.m */,
				6B3BD3B918D80A7200631E05 /* TKSwitchCell.h */,
				6B3BD3BA18D80A7200631E05 /* TKSwitchCell.m */,
				6B3BD3BB18D80A7200631E05 /* TKTableViewCell.h */,
				6B3BD3BC18D80A7200631E05 /* TKTableViewCell.m */,
				6B3BD3BD18D80A7200631E05 /* TKTableViewController.h */,
				6B3BD3BE18D80A7200631E05 /* TKTableViewController.m */,
				6B3BD3BF18D80A7200631E05 /* TKTextViewCell.h */,
				6B3BD3C018D80A7200631E05 /* TKTextViewCell.m */,
				6B3BD3C118D80A7200631E05 /* TKViewController.h */,
				6B3BD3C218D80A7200631E05 /* TKViewController.m */,
				6B3BD3C318D80A7200631E05 /* TKWindow.h */,
				6B3BD3C418D80A7200631E05 /* TKWindow.m */,
				6B3BD3C518D80A7200631E05 /* UIBarButtonItem+TKCategory.h */,
				6B3BD3C618D80A7200631E05 /* UIBarButtonItem+TKCategory.m */,
				6B3BD3C718D80A7200631E05 /* UIButton+TKCategory.h */,
				6B3BD3C818D80A7200631E05 /* UIButton+TKCategory.m */,
				6B3BD3C918D80A7200631E05 /* UIColor+TKCategory.h */,
				6B3BD3CA18D80A7200631E05 /* UIColor+TKCategory.m */,
				6B3BD3CB18D80A7200631E05 /* UIImage+TKCategory.h */,
				6B3BD3CC18D80A7200631E05 /* UIImage+TKCategory.m */,
				6B3BD3CD18D80A7200631E05 /* UIImageView+TKCategory.h */,
				6B3BD3CE18D80A7200631E05 /* UIImageView+TKCategory.m */,
				6B3BD3CF18D80A7200631E05 /* UIScrollview+TKCategory.h */,
				6B3BD3D018D80A7200631E05 /* UIScrollview+TKCategory.m */,
				6B3BD3D118D80A7200631E05 /* UIView+TKCategory.h */,
				6B3BD3D218D80A7200631E05 /* UIView+TKCategory.m */,
				6B3BD3D318D80A7200631E05 /* UIViewController+TKCategory.h */,
				6B3BD3D418D80A7200631E05 /* UIViewController+TKCategory.m */,
			);
			path = TapkuLibrary;
			sourceTree = "<group>";
		};
		6B813A2218C0B0DB00D03A65 = {
			isa = PBXGroup;
			children = (
				6B3171CC18D28ED0000FBBE5 /* Library */,
				6B813A3418C0B0DB00D03A65 /* ProjectGo */,
				6B813A5618C0B0DB00D03A65 /* ProjectGoTests */,
				6B813A2D18C0B0DB00D03A65 /* Frameworks */,
				6B813A2C18C0B0DB00D03A65 /* Products */,
			);
			sourceTree = "<group>";
		};
		6B813A2C18C0B0DB00D03A65 /* Products */ = {
			isa = PBXGroup;
			children = (
				6B813A2B18C0B0DB00D03A65 /* ProjectGo.app */,
				6B813A4F18C0B0DB00D03A65 /* ProjectGoTests.xctest */,
			);
			name = Products;
			sourceTree = "<group>";
		};
		6B813A2D18C0B0DB00D03A65 /* Frameworks */ = {
			isa = PBXGroup;
			children = (
				6B813A6618C0B12900D03A65 /* libsqlite3.dylib */,
				6B813A2E18C0B0DB00D03A65 /* Foundation.framework */,
				6B813A3018C0B0DB00D03A65 /* CoreGraphics.framework */,
				6B813A3218C0B0DB00D03A65 /* UIKit.framework */,
				6B813A5018C0B0DB00D03A65 /* XCTest.framework */,
			);
			name = Frameworks;
			sourceTree = "<group>";
		};
		6B813A3418C0B0DB00D03A65 /* ProjectGo */ = {
			isa = PBXGroup;
			children = (
				EEB1B8A218D269E400FECB59 /* Main_iPad.storyboard */,
				B2AC9D9918D2577200F90786 /* FindObligationViewController.h */,
				B2AC9D9A18D2577200F90786 /* FindObligationViewController.m */,
				B2E261D618CE6AD80091D5EC /* LoadAllObligationsViewController.h */,
				B2E261D718CE6AD80091D5EC /* LoadAllObligationsViewController.m */,
				B29B6CE718CE44B400BE31F1 /* ObligationCreationViewController.m */,
				6B813A3D18C0B0DB00D03A65 /* ProjectGOAppDelegate.h */,
				6B813A3E18C0B0DB00D03A65 /* ProjectGOAppDelegate.m */,
				6B813A4618C0B0DB00D03A65 /* ProjectGOViewController.h */,
				6B813A4718C0B0DB00D03A65 /* ProjectGOViewController.m */,
				6B813A4918C0B0DB00D03A65 /* Images.xcassets */,
				6B813A3518C0B0DB00D03A65 /* Supporting Files */,
				A94DD3C218CE61E90029C02F /* constants.h */,
				EE4D30EE18D2330A0003B663 /* constants.m */,
				6BDB4E1018D2F8350008E3D9 /* CalendarController.h */,
				6BDB4E1118D2F8350008E3D9 /* CalendarController.m */,
				6BDB4E1618D766AE0008E3D9 /* CalendarViewController.h */,
				6BDB4E1718D766AE0008E3D9 /* CalendarViewController.m */,
			);
			name = ProjectGo;
			path = ProjectGO;
			sourceTree = "<group>";
		};
		6B813A3518C0B0DB00D03A65 /* Supporting Files */ = {
			isa = PBXGroup;
			children = (
				6B813A3618C0B0DB00D03A65 /* ProjectGO-Info.plist */,
				6B813A3718C0B0DB00D03A65 /* InfoPlist.strings */,
				6B813A3A18C0B0DB00D03A65 /* main.m */,
				6B813A3C18C0B0DB00D03A65 /* ProjectGO-Prefix.pch */,
			);
			name = "Supporting Files";
			sourceTree = "<group>";
		};
		6B813A5618C0B0DB00D03A65 /* ProjectGoTests */ = {
			isa = PBXGroup;
			children = (
				6B813A5C18C0B0DB00D03A65 /* ProjectGOTests.m */,
				6B813A5718C0B0DB00D03A65 /* Supporting Files */,
			);
			name = ProjectGoTests;
			path = ProjectGOTests;
			sourceTree = "<group>";
		};
		6B813A5718C0B0DB00D03A65 /* Supporting Files */ = {
			isa = PBXGroup;
			children = (
				6B813A5818C0B0DB00D03A65 /* ProjectGOTests-Info.plist */,
				6B813A5918C0B0DB00D03A65 /* InfoPlist.strings */,
			);
			name = "Supporting Files";
			sourceTree = "<group>";
		};
/* End PBXGroup section */

/* Begin PBXNativeTarget section */
		6B813A2A18C0B0DB00D03A65 /* ProjectGo */ = {
			isa = PBXNativeTarget;
			buildConfigurationList = 6B813A6018C0B0DB00D03A65 /* Build configuration list for PBXNativeTarget "ProjectGo" */;
			buildPhases = (
				6B813A2718C0B0DB00D03A65 /* Sources */,
				6B813A2818C0B0DB00D03A65 /* Frameworks */,
				6B813A2918C0B0DB00D03A65 /* Resources */,
			);
			buildRules = (
			);
			dependencies = (
			);
			name = ProjectGo;
			productName = ProjectGo;
			productReference = 6B813A2B18C0B0DB00D03A65 /* ProjectGo.app */;
			productType = "com.apple.product-type.application";
		};
		6B813A4E18C0B0DB00D03A65 /* ProjectGoTests */ = {
			isa = PBXNativeTarget;
			buildConfigurationList = 6B813A6318C0B0DB00D03A65 /* Build configuration list for PBXNativeTarget "ProjectGoTests" */;
			buildPhases = (
				6B813A4B18C0B0DB00D03A65 /* Sources */,
				6B813A4C18C0B0DB00D03A65 /* Frameworks */,
				6B813A4D18C0B0DB00D03A65 /* Resources */,
			);
			buildRules = (
			);
			dependencies = (
				6B813A5518C0B0DB00D03A65 /* PBXTargetDependency */,
			);
			name = ProjectGoTests;
			productName = ProjectGoTests;
			productReference = 6B813A4F18C0B0DB00D03A65 /* ProjectGoTests.xctest */;
			productType = "com.apple.product-type.bundle.unit-test";
		};
/* End PBXNativeTarget section */

/* Begin PBXProject section */
		6B813A2318C0B0DB00D03A65 /* Project object */ = {
			isa = PBXProject;
			attributes = {
				CLASSPREFIX = ProjectGO;
				LastUpgradeCheck = 0500;
				ORGANIZATIONNAME = com.ProjectGO;
				TargetAttributes = {
					6B813A2A18C0B0DB00D03A65 = {
						DevelopmentTeam = 98CS97VCGJ;
					};
					6B813A4E18C0B0DB00D03A65 = {
						TestTargetID = 6B813A2A18C0B0DB00D03A65;
					};
				};
			};
			buildConfigurationList = 6B813A2618C0B0DB00D03A65 /* Build configuration list for PBXProject "ProjectGO" */;
			compatibilityVersion = "Xcode 3.2";
			developmentRegion = English;
			hasScannedForEncodings = 0;
			knownRegions = (
				en,
				Base,
			);
			mainGroup = 6B813A2218C0B0DB00D03A65;
			productRefGroup = 6B813A2C18C0B0DB00D03A65 /* Products */;
			projectDirPath = "";
			projectRoot = "";
			targets = (
				6B813A2A18C0B0DB00D03A65 /* ProjectGo */,
				6B813A4E18C0B0DB00D03A65 /* ProjectGoTests */,
			);
		};
/* End PBXProject section */

/* Begin PBXResourcesBuildPhase section */
		6B813A2918C0B0DB00D03A65 /* Resources */ = {
			isa = PBXResourcesBuildPhase;
			buildActionMask = 2147483647;
			files = (
				6B3BD40318D80A8B00631E05 /* TapkuLibrary.bundle in Resources */,
				EEB1B8A418D269E400FECB59 /* Main_iPad.storyboard in Resources */,
			);
			runOnlyForDeploymentPostprocessing = 0;
		};
		6B813A4D18C0B0DB00D03A65 /* Resources */ = {
			isa = PBXResourcesBuildPhase;
			buildActionMask = 2147483647;
			files = (
				6B813A5B18C0B0DB00D03A65 /* InfoPlist.strings in Resources */,
			);
			runOnlyForDeploymentPostprocessing = 0;
		};
/* End PBXResourcesBuildPhase section */

/* Begin PBXSourcesBuildPhase section */
		6B813A2718C0B0DB00D03A65 /* Sources */ = {
			isa = PBXSourcesBuildPhase;
			buildActionMask = 2147483647;
			files = (
				6B3BD3F618D80A7200631E05 /* TKTableViewCell.m in Sources */,
				B29B6CE818CE44B400BE31F1 /* ObligationCreationViewController.m in Sources */,
				6B3BD3D718D80A7200631E05 /* NSDate+TKCategory.m in Sources */,
				6B813A4818C0B0DB00D03A65 /* ProjectGOViewController.m in Sources */,
				6B3BD3FE18D80A7200631E05 /* UIImage+TKCategory.m in Sources */,
				6B3BD3E818D80A7200631E05 /* TKGradientView.m in Sources */,
				6B3BD3E518D80A7200631E05 /* TKCoverflowView.m in Sources */,
				6B3BD3FA18D80A7200631E05 /* TKWindow.m in Sources */,
				6B3BD3F918D80A7200631E05 /* TKViewController.m in Sources */,
				6BDB4E1218D2F8350008E3D9 /* CalendarController.m in Sources */,
				6B3BD3D818D80A7200631E05 /* NSString+TKCategory.m in Sources */,
				6B3BD3DC18D80A7200631E05 /* TKAppDelegate.m in Sources */,
				B2E261D818CE6AD80091D5EC /* LoadAllObligationsViewController.m in Sources */,
				6B3BD3FB18D80A7200631E05 /* UIBarButtonItem+TKCategory.m in Sources */,
				B2AC9D9B18D2577200F90786 /* FindObligationViewController.m in Sources */,
				6B3BD3E218D80A7200631E05 /* TKCalendarMonthView.m in Sources */,
				6B3BD3F418D80A7200631E05 /* TKShapeView.m in Sources */,
				6B3BD3FF18D80A7200631E05 /* UIImageView+TKCategory.m in Sources */,
				6B3BD3EA18D80A7200631E05 /* TKImageCache.m in Sources */,
				6BDB4E1818D766AE0008E3D9 /* CalendarViewController.m in Sources */,
				6B3BD3FC18D80A7200631E05 /* UIButton+TKCategory.m in Sources */,
				6B3BD3DF18D80A7200631E05 /* TKCalendarDayTimelineView.m in Sources */,
				6B3BD3D918D80A7200631E05 /* TapDetectingView.m in Sources */,
				6B3BD3E118D80A7200631E05 /* TKCalendarMonthTableViewController.m in Sources */,
				6B3BD3EC18D80A7200631E05 /* TKLabelFieldCell.m in Sources */,
				6B3BD3E918D80A7200631E05 /* TKHTTPRequest.m in Sources */,
				6B3BD3D618D80A7200631E05 /* NSDate+CalendarGrid.m in Sources */,
				6B3BD3DB18D80A7200631E05 /* TKAlertCenter.m in Sources */,
				6B813A3F18C0B0DB00D03A65 /* ProjectGOAppDelegate.m in Sources */,
				6B3BD3D518D80A7200631E05 /* NSArray+TKCategory.m in Sources */,
				6B3BD3F218D80A7200631E05 /* TKProgressBarView.m in Sources */,
				6B3BD3E418D80A7200631E05 /* TKCoverflowCoverView.m in Sources */,
				6B3BD3F718D80A7200631E05 /* TKTableViewController.m in Sources */,
				6B3BD3E618D80A7200631E05 /* TKEmptyView.m in Sources */,
				6B3BD3DD18D80A7200631E05 /* TKButtonCell.m in Sources */,
				6B3BD40218D80A7200631E05 /* UIViewController+TKCategory.m in Sources */,
				6B3BD3EB18D80A7200631E05 /* TKLabelCell.m in Sources */,
				6B3BD3F118D80A7200631E05 /* TKProgressAlertView.m in Sources */,
				6B3BD3E718D80A7200631E05 /* TKGlobal.m in Sources */,
				6B813A3B18C0B0DB00D03A65 /* main.m in Sources */,
				EE4D30EF18D2330A0003B663 /* constants.m in Sources */,
				6B3BD40018D80A7200631E05 /* UIScrollview+TKCategory.m in Sources */,
				6B3BD3EF18D80A7200631E05 /* TKLabelTextViewCell.m in Sources */,
				6B3BD3F518D80A7200631E05 /* TKSwitchCell.m in Sources */,
				6B3BD3ED18D80A7200631E05 /* TKLabelSwitchCell.m in Sources */,
				6B3BD3FD18D80A7200631E05 /* UIColor+TKCategory.m in Sources */,
				6B3BD3F318D80A7200631E05 /* TKProgressCircleView.m in Sources */,
				6B3BD3F818D80A7200631E05 /* TKTextViewCell.m in Sources */,
				6B3BD3E018D80A7200631E05 /* TKCalendarDayViewController.m in Sources */,
				6B3BD3E318D80A7200631E05 /* TKCalendarMonthViewController.m in Sources */,
				6B3BD3F018D80A7200631E05 /* TKNetworkQueue.m in Sources */,
				6B3BD40118D80A7200631E05 /* UIView+TKCategory.m in Sources */,
				6B3BD3DE18D80A7200631E05 /* TKCalendarDayEventView.m in Sources */,
				6B3BD3EE18D80A7200631E05 /* TKLabelTextFieldCell.m in Sources */,
			);
			runOnlyForDeploymentPostprocessing = 0;
		};
		6B813A4B18C0B0DB00D03A65 /* Sources */ = {
			isa = PBXSourcesBuildPhase;
			buildActionMask = 2147483647;
			files = (
				6B813A5D18C0B0DB00D03A65 /* ProjectGOTests.m in Sources */,
			);
			runOnlyForDeploymentPostprocessing = 0;
		};
/* End PBXSourcesBuildPhase section */

/* Begin PBXTargetDependency section */
		6B813A5518C0B0DB00D03A65 /* PBXTargetDependency */ = {
			isa = PBXTargetDependency;
			target = 6B813A2A18C0B0DB00D03A65 /* ProjectGo */;
			targetProxy = 6B813A5418C0B0DB00D03A65 /* PBXContainerItemProxy */;
		};
/* End PBXTargetDependency section */

/* Begin PBXVariantGroup section */
		6B813A3718C0B0DB00D03A65 /* InfoPlist.strings */ = {
			isa = PBXVariantGroup;
			children = (
				6B813A3818C0B0DB00D03A65 /* en */,
			);
			name = InfoPlist.strings;
			sourceTree = "<group>";
		};
		6B813A5918C0B0DB00D03A65 /* InfoPlist.strings */ = {
			isa = PBXVariantGroup;
			children = (
				6B813A5A18C0B0DB00D03A65 /* en */,
			);
			name = InfoPlist.strings;
			sourceTree = "<group>";
		};
		EEB1B8A218D269E400FECB59 /* Main_iPad.storyboard */ = {
			isa = PBXVariantGroup;
			children = (
				EEB1B8A318D269E400FECB59 /* Base */,
			);
			name = Main_iPad.storyboard;
			path = ..;
			sourceTree = "<group>";
		};
/* End PBXVariantGroup section */

/* Begin XCBuildConfiguration section */
		6B813A5E18C0B0DB00D03A65 /* Debug */ = {
			isa = XCBuildConfiguration;
			buildSettings = {
				ALWAYS_SEARCH_USER_PATHS = NO;
				ARCHS = "$(ARCHS_STANDARD_INCLUDING_64_BIT)";
				CLANG_CXX_LANGUAGE_STANDARD = "gnu++0x";
				CLANG_CXX_LIBRARY = "libc++";
				CLANG_ENABLE_MODULES = YES;
				CLANG_ENABLE_OBJC_ARC = YES;
				CLANG_WARN_BOOL_CONVERSION = YES;
				CLANG_WARN_CONSTANT_CONVERSION = YES;
				CLANG_WARN_DIRECT_OBJC_ISA_USAGE = YES_ERROR;
				CLANG_WARN_EMPTY_BODY = YES;
				CLANG_WARN_ENUM_CONVERSION = YES;
				CLANG_WARN_INT_CONVERSION = YES;
				CLANG_WARN_OBJC_ROOT_CLASS = YES_ERROR;
				CLANG_WARN__DUPLICATE_METHOD_MATCH = YES;
				"CODE_SIGN_IDENTITY[sdk=iphoneos*]" = "iPhone Developer";
				COPY_PHASE_STRIP = NO;
				GCC_C_LANGUAGE_STANDARD = gnu99;
				GCC_DYNAMIC_NO_PIC = NO;
				GCC_OPTIMIZATION_LEVEL = 0;
				GCC_PREPROCESSOR_DEFINITIONS = (
					"DEBUG=1",
					"$(inherited)",
				);
				GCC_SYMBOLS_PRIVATE_EXTERN = NO;
				GCC_WARN_64_TO_32_BIT_CONVERSION = YES;
				GCC_WARN_ABOUT_DEPRECATED_FUNCTIONS = NO;
				GCC_WARN_ABOUT_RETURN_TYPE = YES_ERROR;
				GCC_WARN_UNDECLARED_SELECTOR = YES;
				GCC_WARN_UNINITIALIZED_AUTOS = YES;
				GCC_WARN_UNUSED_FUNCTION = YES;
				GCC_WARN_UNUSED_VARIABLE = YES;
				IPHONEOS_DEPLOYMENT_TARGET = 7.0;
				ONLY_ACTIVE_ARCH = YES;
				SDKROOT = iphoneos;
				TARGETED_DEVICE_FAMILY = 2;
			};
			name = Debug;
		};
		6B813A5F18C0B0DB00D03A65 /* Release */ = {
			isa = XCBuildConfiguration;
			buildSettings = {
				ALWAYS_SEARCH_USER_PATHS = NO;
				ARCHS = "$(ARCHS_STANDARD_INCLUDING_64_BIT)";
				CLANG_CXX_LANGUAGE_STANDARD = "gnu++0x";
				CLANG_CXX_LIBRARY = "libc++";
				CLANG_ENABLE_MODULES = YES;
				CLANG_ENABLE_OBJC_ARC = YES;
				CLANG_WARN_BOOL_CONVERSION = YES;
				CLANG_WARN_CONSTANT_CONVERSION = YES;
				CLANG_WARN_DIRECT_OBJC_ISA_USAGE = YES_ERROR;
				CLANG_WARN_EMPTY_BODY = YES;
				CLANG_WARN_ENUM_CONVERSION = YES;
				CLANG_WARN_INT_CONVERSION = YES;
				CLANG_WARN_OBJC_ROOT_CLASS = YES_ERROR;
				CLANG_WARN__DUPLICATE_METHOD_MATCH = YES;
				"CODE_SIGN_IDENTITY[sdk=iphoneos*]" = "iPhone Developer";
				COPY_PHASE_STRIP = YES;
				ENABLE_NS_ASSERTIONS = NO;
				GCC_C_LANGUAGE_STANDARD = gnu99;
				GCC_WARN_64_TO_32_BIT_CONVERSION = YES;
				GCC_WARN_ABOUT_DEPRECATED_FUNCTIONS = NO;
				GCC_WARN_ABOUT_RETURN_TYPE = YES_ERROR;
				GCC_WARN_UNDECLARED_SELECTOR = YES;
				GCC_WARN_UNINITIALIZED_AUTOS = YES;
				GCC_WARN_UNUSED_FUNCTION = YES;
				GCC_WARN_UNUSED_VARIABLE = YES;
				IPHONEOS_DEPLOYMENT_TARGET = 7.0;
				SDKROOT = iphoneos;
				TARGETED_DEVICE_FAMILY = 2;
				VALIDATE_PRODUCT = YES;
			};
			name = Release;
		};
		6B813A6118C0B0DB00D03A65 /* Debug */ = {
			isa = XCBuildConfiguration;
			buildSettings = {
				ASSETCATALOG_COMPILER_APPICON_NAME = AppIcon;
				ASSETCATALOG_COMPILER_LAUNCHIMAGE_NAME = LaunchImage;
				CODE_SIGN_IDENTITY = "iPhone Developer";
				"CODE_SIGN_IDENTITY[sdk=iphoneos*]" = "iPhone Developer";
				GCC_PRECOMPILE_PREFIX_HEADER = YES;
				GCC_PREFIX_HEADER = "$(SRCROOT)/ProjectGO/ProjectGO-Prefix.pch";
				INFOPLIST_FILE = "$(SRCROOT)/ProjectGO/ProjectGO-Info.plist";
				PRODUCT_NAME = "$(TARGET_NAME)";
				PROVISIONING_PROFILE = "";
				TARGETED_DEVICE_FAMILY = "1,2";
				WRAPPER_EXTENSION = app;
			};
			name = Debug;
		};
		6B813A6218C0B0DB00D03A65 /* Release */ = {
			isa = XCBuildConfiguration;
			buildSettings = {
				ASSETCATALOG_COMPILER_APPICON_NAME = AppIcon;
				ASSETCATALOG_COMPILER_LAUNCHIMAGE_NAME = LaunchImage;
				CODE_SIGN_IDENTITY = "iPhone Developer";
				"CODE_SIGN_IDENTITY[sdk=iphoneos*]" = "iPhone Developer";
				GCC_PRECOMPILE_PREFIX_HEADER = YES;
				GCC_PREFIX_HEADER = "$(SRCROOT)/ProjectGO/ProjectGO-Prefix.pch";
				INFOPLIST_FILE = "$(SRCROOT)/ProjectGO/ProjectGO-Info.plist";
				PRODUCT_NAME = "$(TARGET_NAME)";
				PROVISIONING_PROFILE = "";
				TARGETED_DEVICE_FAMILY = "1,2";
				WRAPPER_EXTENSION = app;
			};
			name = Release;
		};
		6B813A6418C0B0DB00D03A65 /* Debug */ = {
			isa = XCBuildConfiguration;
			buildSettings = {
				ARCHS = "$(ARCHS_STANDARD_INCLUDING_64_BIT)";
				BUNDLE_LOADER = "$(BUILT_PRODUCTS_DIR)/ProjectGo.app/ProjectGo";
				FRAMEWORK_SEARCH_PATHS = (
					"$(SDKROOT)/Developer/Library/Frameworks",
					"$(inherited)",
					"$(DEVELOPER_FRAMEWORKS_DIR)",
				);
				GCC_PRECOMPILE_PREFIX_HEADER = YES;
				GCC_PREFIX_HEADER = "ProjectGo/ProjectGo-Prefix.pch";
				GCC_PREPROCESSOR_DEFINITIONS = (
					"DEBUG=1",
					"$(inherited)",
				);
				INFOPLIST_FILE = "ProjectGoTests/ProjectGoTests-Info.plist";
				PRODUCT_NAME = "$(TARGET_NAME)";
				TEST_HOST = "$(BUNDLE_LOADER)";
				WRAPPER_EXTENSION = xctest;
			};
			name = Debug;
		};
		6B813A6518C0B0DB00D03A65 /* Release */ = {
			isa = XCBuildConfiguration;
			buildSettings = {
				ARCHS = "$(ARCHS_STANDARD_INCLUDING_64_BIT)";
				BUNDLE_LOADER = "$(BUILT_PRODUCTS_DIR)/ProjectGo.app/ProjectGo";
				FRAMEWORK_SEARCH_PATHS = (
					"$(SDKROOT)/Developer/Library/Frameworks",
					"$(inherited)",
					"$(DEVELOPER_FRAMEWORKS_DIR)",
				);
				GCC_PRECOMPILE_PREFIX_HEADER = YES;
				GCC_PREFIX_HEADER = "ProjectGo/ProjectGo-Prefix.pch";
				INFOPLIST_FILE = "ProjectGoTests/ProjectGoTests-Info.plist";
				PRODUCT_NAME = "$(TARGET_NAME)";
				TEST_HOST = "$(BUNDLE_LOADER)";
				WRAPPER_EXTENSION = xctest;
			};
			name = Release;
		};
/* End XCBuildConfiguration section */

/* Begin XCConfigurationList section */
		6B813A2618C0B0DB00D03A65 /* Build configuration list for PBXProject "ProjectGO" */ = {
			isa = XCConfigurationList;
			buildConfigurations = (
				6B813A5E18C0B0DB00D03A65 /* Debug */,
				6B813A5F18C0B0DB00D03A65 /* Release */,
			);
			defaultConfigurationIsVisible = 0;
			defaultConfigurationName = Release;
		};
		6B813A6018C0B0DB00D03A65 /* Build configuration list for PBXNativeTarget "ProjectGo" */ = {
			isa = XCConfigurationList;
			buildConfigurations = (
				6B813A6118C0B0DB00D03A65 /* Debug */,
				6B813A6218C0B0DB00D03A65 /* Release */,
			);
			defaultConfigurationIsVisible = 0;
			defaultConfigurationName = Release;
		};
		6B813A6318C0B0DB00D03A65 /* Build configuration list for PBXNativeTarget "ProjectGoTests" */ = {
			isa = XCConfigurationList;
			buildConfigurations = (
				6B813A6418C0B0DB00D03A65 /* Debug */,
				6B813A6518C0B0DB00D03A65 /* Release */,
			);
			defaultConfigurationIsVisible = 0;
			defaultConfigurationName = Release;
		};
/* End XCConfigurationList section */
	};
	rootObject = 6B813A2318C0B0DB00D03A65 /* Project object */;
}
