// !$*UTF8*$!
{
	archiveVersion = 1;
	classes = {
	};
	objectVersion = 46;
	objects = {

/* Begin PBXBuildFile section */
		6B049E0D18BE7B6400492B8B /* Foundation.framework in Frameworks */ = {isa = PBXBuildFile; fileRef = 6B049E0C18BE7B6400492B8B /* Foundation.framework */; };
		6B049E0F18BE7B6400492B8B /* CoreGraphics.framework in Frameworks */ = {isa = PBXBuildFile; fileRef = 6B049E0E18BE7B6400492B8B /* CoreGraphics.framework */; };
		6B049E1118BE7B6400492B8B /* UIKit.framework in Frameworks */ = {isa = PBXBuildFile; fileRef = 6B049E1018BE7B6400492B8B /* UIKit.framework */; };
		6B049E1718BE7B6400492B8B /* InfoPlist.strings in Resources */ = {isa = PBXBuildFile; fileRef = 6B049E1518BE7B6400492B8B /* InfoPlist.strings */; };
		6B049E1918BE7B6400492B8B /* main.m in Sources */ = {isa = PBXBuildFile; fileRef = 6B049E1818BE7B6400492B8B /* main.m */; };
		6B049E2018BE7B6400492B8B /* Main_iPhone.storyboard in Resources */ = {isa = PBXBuildFile; fileRef = 6B049E1E18BE7B6400492B8B /* Main_iPhone.storyboard */; };
		6B049E2318BE7B6400492B8B /* Main_iPad.storyboard in Resources */ = {isa = PBXBuildFile; fileRef = 6B049E2118BE7B6400492B8B /* Main_iPad.storyboard */; };
		6B049E2618BE7B6400492B8B /* ViewController.m in Sources */ = {isa = PBXBuildFile; fileRef = 6B049E2518BE7B6400492B8B /* ViewController.m */; };
		6B049E2818BE7B6400492B8B /* Images.xcassets in Resources */ = {isa = PBXBuildFile; fileRef = 6B049E2718BE7B6400492B8B /* Images.xcassets */; };
		6B049E2F18BE7B6500492B8B /* XCTest.framework in Frameworks */ = {isa = PBXBuildFile; fileRef = 6B049E2E18BE7B6500492B8B /* XCTest.framework */; };
		6B049E3018BE7B6500492B8B /* Foundation.framework in Frameworks */ = {isa = PBXBuildFile; fileRef = 6B049E0C18BE7B6400492B8B /* Foundation.framework */; };
		6B049E3118BE7B6500492B8B /* UIKit.framework in Frameworks */ = {isa = PBXBuildFile; fileRef = 6B049E1018BE7B6400492B8B /* UIKit.framework */; };
		6B049E3918BE7B6500492B8B /* InfoPlist.strings in Resources */ = {isa = PBXBuildFile; fileRef = 6B049E3718BE7B6500492B8B /* InfoPlist.strings */; };
		6B049E3B18BE7B6500492B8B /* ProjectGOTests.m in Sources */ = {isa = PBXBuildFile; fileRef = 6B049E3A18BE7B6500492B8B /* ProjectGOTests.m */; };
		6B049E4518BE7BFA00492B8B /* Kal.bundle in Resources */ = {isa = PBXBuildFile; fileRef = 6B049E4418BE7BFA00492B8B /* Kal.bundle */; };
		6B049E4C18BE7E0600492B8B /* libKal.a in Frameworks */ = {isa = PBXBuildFile; fileRef = 6B049E4B18BE7C0800492B8B /* libKal.a */; settings = {ATTRIBUTES = (Required, ); }; };
		6B049E4D18BE7ED800492B8B /* AppDelegate.m in Sources */ = {isa = PBXBuildFile; fileRef = 6B049E1C18BE7B6400492B8B /* AppDelegate.m */; };
/* End PBXBuildFile section */

/* Begin PBXContainerItemProxy section */
		6B049E3218BE7B6500492B8B /* PBXContainerItemProxy */ = {
			isa = PBXContainerItemProxy;
			containerPortal = 6B049E0118BE7B6400492B8B /* Project object */;
			proxyType = 1;
			remoteGlobalIDString = 6B049E0818BE7B6400492B8B;
			remoteInfo = ProjectGO;
		};
		6B049E4A18BE7C0800492B8B /* PBXContainerItemProxy */ = {
			isa = PBXContainerItemProxy;
			containerPortal = 6B049E4618BE7C0800492B8B /* Kal.xcodeproj */;
			proxyType = 2;
			remoteGlobalIDString = D2AAC07E0554694100DB518D;
			remoteInfo = Kal;
		};
/* End PBXContainerItemProxy section */

/* Begin PBXFileReference section */
		6B049E0918BE7B6400492B8B /* ProjectGO.app */ = {isa = PBXFileReference; explicitFileType = wrapper.application; includeInIndex = 0; path = ProjectGO.app; sourceTree = BUILT_PRODUCTS_DIR; };
		6B049E0C18BE7B6400492B8B /* Foundation.framework */ = {isa = PBXFileReference; lastKnownFileType = wrapper.framework; name = Foundation.framework; path = System/Library/Frameworks/Foundation.framework; sourceTree = SDKROOT; };
		6B049E0E18BE7B6400492B8B /* CoreGraphics.framework */ = {isa = PBXFileReference; lastKnownFileType = wrapper.framework; name = CoreGraphics.framework; path = System/Library/Frameworks/CoreGraphics.framework; sourceTree = SDKROOT; };
		6B049E1018BE7B6400492B8B /* UIKit.framework */ = {isa = PBXFileReference; lastKnownFileType = wrapper.framework; name = UIKit.framework; path = System/Library/Frameworks/UIKit.framework; sourceTree = SDKROOT; };
		6B049E1418BE7B6400492B8B /* ProjectGO-Info.plist */ = {isa = PBXFileReference; lastKnownFileType = text.plist.xml; path = "ProjectGO-Info.plist"; sourceTree = "<group>"; };
		6B049E1618BE7B6400492B8B /* en */ = {isa = PBXFileReference; lastKnownFileType = text.plist.strings; name = en; path = en.lproj/InfoPlist.strings; sourceTree = "<group>"; };
		6B049E1818BE7B6400492B8B /* main.m */ = {isa = PBXFileReference; lastKnownFileType = sourcecode.c.objc; path = main.m; sourceTree = "<group>"; };
		6B049E1A18BE7B6400492B8B /* ProjectGO-Prefix.pch */ = {isa = PBXFileReference; lastKnownFileType = sourcecode.c.h; path = "ProjectGO-Prefix.pch"; sourceTree = "<group>"; };
		6B049E1B18BE7B6400492B8B /* AppDelegate.h */ = {isa = PBXFileReference; lastKnownFileType = sourcecode.c.h; path = AppDelegate.h; sourceTree = "<group>"; };
		6B049E1C18BE7B6400492B8B /* AppDelegate.m */ = {isa = PBXFileReference; lastKnownFileType = sourcecode.c.objc; path = AppDelegate.m; sourceTree = "<group>"; };
		6B049E1F18BE7B6400492B8B /* Base */ = {isa = PBXFileReference; lastKnownFileType = file.storyboard; name = Base; path = Base.lproj/Main_iPhone.storyboard; sourceTree = "<group>"; };
		6B049E2218BE7B6400492B8B /* Base */ = {isa = PBXFileReference; lastKnownFileType = file.storyboard; name = Base; path = Base.lproj/Main_iPad.storyboard; sourceTree = "<group>"; };
		6B049E2418BE7B6400492B8B /* ViewController.h */ = {isa = PBXFileReference; lastKnownFileType = sourcecode.c.h; path = ViewController.h; sourceTree = "<group>"; };
		6B049E2518BE7B6400492B8B /* ViewController.m */ = {isa = PBXFileReference; lastKnownFileType = sourcecode.c.objc; path = ViewController.m; sourceTree = "<group>"; };
		6B049E2718BE7B6400492B8B /* Images.xcassets */ = {isa = PBXFileReference; lastKnownFileType = folder.assetcatalog; path = Images.xcassets; sourceTree = "<group>"; };
		6B049E2D18BE7B6500492B8B /* ProjectGOTests.xctest */ = {isa = PBXFileReference; explicitFileType = wrapper.cfbundle; includeInIndex = 0; path = ProjectGOTests.xctest; sourceTree = BUILT_PRODUCTS_DIR; };
		6B049E2E18BE7B6500492B8B /* XCTest.framework */ = {isa = PBXFileReference; lastKnownFileType = wrapper.framework; name = XCTest.framework; path = Library/Frameworks/XCTest.framework; sourceTree = DEVELOPER_DIR; };
		6B049E3618BE7B6500492B8B /* ProjectGOTests-Info.plist */ = {isa = PBXFileReference; lastKnownFileType = text.plist.xml; path = "ProjectGOTests-Info.plist"; sourceTree = "<group>"; };
		6B049E3818BE7B6500492B8B /* en */ = {isa = PBXFileReference; lastKnownFileType = text.plist.strings; name = en; path = en.lproj/InfoPlist.strings; sourceTree = "<group>"; };
		6B049E3A18BE7B6500492B8B /* ProjectGOTests.m */ = {isa = PBXFileReference; lastKnownFileType = sourcecode.c.objc; path = ProjectGOTests.m; sourceTree = "<group>"; };
		6B049E4418BE7BFA00492B8B /* Kal.bundle */ = {isa = PBXFileReference; lastKnownFileType = "wrapper.plug-in"; path = Kal.bundle; sourceTree = "<group>"; };
		6B049E4618BE7C0800492B8B /* Kal.xcodeproj */ = {isa = PBXFileReference; lastKnownFileType = "wrapper.pb-project"; name = Kal.xcodeproj; path = "../../../Downloads/Kal-master-4/src/Kal.xcodeproj"; sourceTree = "<group>"; };
/* End PBXFileReference section */

/* Begin PBXFrameworksBuildPhase section */
		6B049E0618BE7B6400492B8B /* Frameworks */ = {
			isa = PBXFrameworksBuildPhase;
			buildActionMask = 2147483647;
			files = (
				6B049E4C18BE7E0600492B8B /* libKal.a in Frameworks */,
				6B049E0F18BE7B6400492B8B /* CoreGraphics.framework in Frameworks */,
				6B049E1118BE7B6400492B8B /* UIKit.framework in Frameworks */,
				6B049E0D18BE7B6400492B8B /* Foundation.framework in Frameworks */,
			);
			runOnlyForDeploymentPostprocessing = 0;
		};
		6B049E2A18BE7B6500492B8B /* Frameworks */ = {
			isa = PBXFrameworksBuildPhase;
			buildActionMask = 2147483647;
			files = (
				6B049E2F18BE7B6500492B8B /* XCTest.framework in Frameworks */,
				6B049E3118BE7B6500492B8B /* UIKit.framework in Frameworks */,
				6B049E3018BE7B6500492B8B /* Foundation.framework in Frameworks */,
			);
			runOnlyForDeploymentPostprocessing = 0;
		};
/* End PBXFrameworksBuildPhase section */

/* Begin PBXGroup section */
		6B049E0018BE7B6400492B8B = {
			isa = PBXGroup;
			children = (
				6B049E4618BE7C0800492B8B /* Kal.xcodeproj */,
				6B049E4418BE7BFA00492B8B /* Kal.bundle */,
				6B049E1218BE7B6400492B8B /* ProjectGO */,
				6B049E3418BE7B6500492B8B /* ProjectGOTests */,
				6B049E0B18BE7B6400492B8B /* Frameworks */,
				6B049E0A18BE7B6400492B8B /* Products */,
			);
			sourceTree = "<group>";
		};
		6B049E0A18BE7B6400492B8B /* Products */ = {
			isa = PBXGroup;
			children = (
				6B049E0918BE7B6400492B8B /* ProjectGO.app */,
				6B049E2D18BE7B6500492B8B /* ProjectGOTests.xctest */,
			);
			name = Products;
			sourceTree = "<group>";
		};
		6B049E0B18BE7B6400492B8B /* Frameworks */ = {
			isa = PBXGroup;
			children = (
				6B049E0C18BE7B6400492B8B /* Foundation.framework */,
				6B049E0E18BE7B6400492B8B /* CoreGraphics.framework */,
				6B049E1018BE7B6400492B8B /* UIKit.framework */,
				6B049E2E18BE7B6500492B8B /* XCTest.framework */,
			);
			name = Frameworks;
			sourceTree = "<group>";
		};
		6B049E1218BE7B6400492B8B /* ProjectGO */ = {
			isa = PBXGroup;
			children = (
				6B049E1B18BE7B6400492B8B /* AppDelegate.h */,
				6B049E1C18BE7B6400492B8B /* AppDelegate.m */,
				6B049E1E18BE7B6400492B8B /* Main_iPhone.storyboard */,
				6B049E2118BE7B6400492B8B /* Main_iPad.storyboard */,
				6B049E2418BE7B6400492B8B /* ViewController.h */,
				6B049E2518BE7B6400492B8B /* ViewController.m */,
				6B049E2718BE7B6400492B8B /* Images.xcassets */,
				6B049E1318BE7B6400492B8B /* Supporting Files */,
			);
			path = ProjectGO;
			sourceTree = "<group>";
		};
		6B049E1318BE7B6400492B8B /* Supporting Files */ = {
			isa = PBXGroup;
			children = (
				6B049E1418BE7B6400492B8B /* ProjectGO-Info.plist */,
				6B049E1518BE7B6400492B8B /* InfoPlist.strings */,
				6B049E1818BE7B6400492B8B /* main.m */,
				6B049E1A18BE7B6400492B8B /* ProjectGO-Prefix.pch */,
			);
			name = "Supporting Files";
			sourceTree = "<group>";
		};
		6B049E3418BE7B6500492B8B /* ProjectGOTests */ = {
			isa = PBXGroup;
			children = (
				6B049E3A18BE7B6500492B8B /* ProjectGOTests.m */,
				6B049E3518BE7B6500492B8B /* Supporting Files */,
			);
			path = ProjectGOTests;
			sourceTree = "<group>";
		};
		6B049E3518BE7B6500492B8B /* Supporting Files */ = {
			isa = PBXGroup;
			children = (
				6B049E3618BE7B6500492B8B /* ProjectGOTests-Info.plist */,
				6B049E3718BE7B6500492B8B /* InfoPlist.strings */,
			);
			name = "Supporting Files";
			sourceTree = "<group>";
		};
		6B049E4718BE7C0800492B8B /* Products */ = {
			isa = PBXGroup;
			children = (
				6B049E4B18BE7C0800492B8B /* libKal.a */,
			);
			name = Products;
			sourceTree = "<group>";
		};
/* End PBXGroup section */

/* Begin PBXNativeTarget section */
		6B049E0818BE7B6400492B8B /* ProjectGO */ = {
			isa = PBXNativeTarget;
			buildConfigurationList = 6B049E3E18BE7B6500492B8B /* Build configuration list for PBXNativeTarget "ProjectGO" */;
			buildPhases = (
				6B049E0518BE7B6400492B8B /* Sources */,
				6B049E0618BE7B6400492B8B /* Frameworks */,
				6B049E0718BE7B6400492B8B /* Resources */,
			);
			buildRules = (
			);
			dependencies = (
			);
			name = ProjectGO;
			productName = ProjectGO;
			productReference = 6B049E0918BE7B6400492B8B /* ProjectGO.app */;
			productType = "com.apple.product-type.application";
		};
		6B049E2C18BE7B6500492B8B /* ProjectGOTests */ = {
			isa = PBXNativeTarget;
			buildConfigurationList = 6B049E4118BE7B6500492B8B /* Build configuration list for PBXNativeTarget "ProjectGOTests" */;
			buildPhases = (
				6B049E2918BE7B6500492B8B /* Sources */,
				6B049E2A18BE7B6500492B8B /* Frameworks */,
				6B049E2B18BE7B6500492B8B /* Resources */,
			);
			buildRules = (
			);
			dependencies = (
				6B049E3318BE7B6500492B8B /* PBXTargetDependency */,
			);
			name = ProjectGOTests;
			productName = ProjectGOTests;
			productReference = 6B049E2D18BE7B6500492B8B /* ProjectGOTests.xctest */;
			productType = "com.apple.product-type.bundle.unit-test";
		};
/* End PBXNativeTarget section */

/* Begin PBXProject section */
		6B049E0118BE7B6400492B8B /* Project object */ = {
			isa = PBXProject;
			attributes = {
				LastUpgradeCheck = 0500;
				ORGANIZATIONNAME = com.ProjectGO;
				TargetAttributes = {
					6B049E2C18BE7B6500492B8B = {
						TestTargetID = 6B049E0818BE7B6400492B8B;
					};
				};
			};
			buildConfigurationList = 6B049E0418BE7B6400492B8B /* Build configuration list for PBXProject "ProjectGO" */;
			compatibilityVersion = "Xcode 3.2";
			developmentRegion = English;
			hasScannedForEncodings = 0;
			knownRegions = (
				en,
				Base,
			);
			mainGroup = 6B049E0018BE7B6400492B8B;
			productRefGroup = 6B049E0A18BE7B6400492B8B /* Products */;
			projectDirPath = "";
			projectReferences = (
				{
					ProductGroup = 6B049E4718BE7C0800492B8B /* Products */;
					ProjectRef = 6B049E4618BE7C0800492B8B /* Kal.xcodeproj */;
				},
			);
			projectRoot = "";
			targets = (
				6B049E0818BE7B6400492B8B /* ProjectGO */,
				6B049E2C18BE7B6500492B8B /* ProjectGOTests */,
			);
		};
/* End PBXProject section */

/* Begin PBXReferenceProxy section */
		6B049E4B18BE7C0800492B8B /* libKal.a */ = {
			isa = PBXReferenceProxy;
			fileType = archive.ar;
			path = libKal.a;
			remoteRef = 6B049E4A18BE7C0800492B8B /* PBXContainerItemProxy */;
			sourceTree = BUILT_PRODUCTS_DIR;
		};
/* End PBXReferenceProxy section */

/* Begin PBXResourcesBuildPhase section */
		6B049E0718BE7B6400492B8B /* Resources */ = {
			isa = PBXResourcesBuildPhase;
			buildActionMask = 2147483647;
			files = (
				6B049E4518BE7BFA00492B8B /* Kal.bundle in Resources */,
				6B049E2318BE7B6400492B8B /* Main_iPad.storyboard in Resources */,
				6B049E2818BE7B6400492B8B /* Images.xcassets in Resources */,
				6B049E2018BE7B6400492B8B /* Main_iPhone.storyboard in Resources */,
				6B049E1718BE7B6400492B8B /* InfoPlist.strings in Resources */,
			);
			runOnlyForDeploymentPostprocessing = 0;
		};
		6B049E2B18BE7B6500492B8B /* Resources */ = {
			isa = PBXResourcesBuildPhase;
			buildActionMask = 2147483647;
			files = (
				6B049E3918BE7B6500492B8B /* InfoPlist.strings in Resources */,
			);
			runOnlyForDeploymentPostprocessing = 0;
		};
/* End PBXResourcesBuildPhase section */

/* Begin PBXSourcesBuildPhase section */
		6B049E0518BE7B6400492B8B /* Sources */ = {
			isa = PBXSourcesBuildPhase;
			buildActionMask = 2147483647;
			files = (
				6B049E4D18BE7ED800492B8B /* AppDelegate.m in Sources */,
				6B049E2618BE7B6400492B8B /* ViewController.m in Sources */,
				6B049E1918BE7B6400492B8B /* main.m in Sources */,
			);
			runOnlyForDeploymentPostprocessing = 0;
		};
		6B049E2918BE7B6500492B8B /* Sources */ = {
			isa = PBXSourcesBuildPhase;
			buildActionMask = 2147483647;
			files = (
				6B049E3B18BE7B6500492B8B /* ProjectGOTests.m in Sources */,
			);
			runOnlyForDeploymentPostprocessing = 0;
		};
/* End PBXSourcesBuildPhase section */

/* Begin PBXTargetDependency section */
		6B049E3318BE7B6500492B8B /* PBXTargetDependency */ = {
			isa = PBXTargetDependency;
			target = 6B049E0818BE7B6400492B8B /* ProjectGO */;
			targetProxy = 6B049E3218BE7B6500492B8B /* PBXContainerItemProxy */;
		};
/* End PBXTargetDependency section */

/* Begin PBXVariantGroup section */
		6B049E1518BE7B6400492B8B /* InfoPlist.strings */ = {
			isa = PBXVariantGroup;
			children = (
				6B049E1618BE7B6400492B8B /* en */,
			);
			name = InfoPlist.strings;
			sourceTree = "<group>";
		};
		6B049E1E18BE7B6400492B8B /* Main_iPhone.storyboard */ = {
			isa = PBXVariantGroup;
			children = (
				6B049E1F18BE7B6400492B8B /* Base */,
			);
			name = Main_iPhone.storyboard;
			sourceTree = "<group>";
		};
		6B049E2118BE7B6400492B8B /* Main_iPad.storyboard */ = {
			isa = PBXVariantGroup;
			children = (
				6B049E2218BE7B6400492B8B /* Base */,
			);
			name = Main_iPad.storyboard;
			sourceTree = "<group>";
		};
		6B049E3718BE7B6500492B8B /* InfoPlist.strings */ = {
			isa = PBXVariantGroup;
			children = (
				6B049E3818BE7B6500492B8B /* en */,
			);
			name = InfoPlist.strings;
			sourceTree = "<group>";
		};
/* End PBXVariantGroup section */

/* Begin XCBuildConfiguration section */
		6B049E3C18BE7B6500492B8B /* Debug */ = {
			isa = XCBuildConfiguration;
			buildSettings = {
				ALWAYS_SEARCH_USER_PATHS = NO;
				ARCHS = "$(ARCHS_STANDARD_INCLUDING_64_BIT)";
				CLANG_CXX_LANGUAGE_STANDARD = "gnu++0x";
				CLANG_CXX_LIBRARY = "libc++";
				CLANG_ENABLE_MODULES = YES;
				CLANG_ENABLE_OBJC_ARC = YES;
				CLANG_WARN_BOOL_CONVERSION = YES;
				CLANG_WARN_CONSTANT_CONVERSION = YES;
				CLANG_WARN_DIRECT_OBJC_ISA_USAGE = YES_ERROR;
				CLANG_WARN_EMPTY_BODY = YES;
				CLANG_WARN_ENUM_CONVERSION = YES;
				CLANG_WARN_INT_CONVERSION = YES;
				CLANG_WARN_OBJC_ROOT_CLASS = YES_ERROR;
				CLANG_WARN__DUPLICATE_METHOD_MATCH = YES;
				"CODE_SIGN_IDENTITY[sdk=iphoneos*]" = "iPhone Developer";
				COPY_PHASE_STRIP = NO;
				GCC_C_LANGUAGE_STANDARD = gnu99;
				GCC_DYNAMIC_NO_PIC = NO;
				GCC_OPTIMIZATION_LEVEL = 0;
				GCC_PREPROCESSOR_DEFINITIONS = (
					"DEBUG=1",
					"$(inherited)",
				);
				GCC_SYMBOLS_PRIVATE_EXTERN = NO;
				GCC_WARN_64_TO_32_BIT_CONVERSION = YES;
				GCC_WARN_ABOUT_RETURN_TYPE = YES_ERROR;
				GCC_WARN_UNDECLARED_SELECTOR = YES;
				GCC_WARN_UNINITIALIZED_AUTOS = YES;
				GCC_WARN_UNUSED_FUNCTION = YES;
				GCC_WARN_UNUSED_VARIABLE = YES;
				IPHONEOS_DEPLOYMENT_TARGET = 7.0;
				ONLY_ACTIVE_ARCH = YES;
				SDKROOT = iphoneos;
				TARGETED_DEVICE_FAMILY = "1,2";
			};
			name = Debug;
		};
		6B049E3D18BE7B6500492B8B /* Release */ = {
			isa = XCBuildConfiguration;
			buildSettings = {
				ALWAYS_SEARCH_USER_PATHS = NO;
				ARCHS = "$(ARCHS_STANDARD_INCLUDING_64_BIT)";
				CLANG_CXX_LANGUAGE_STANDARD = "gnu++0x";
				CLANG_CXX_LIBRARY = "libc++";
				CLANG_ENABLE_MODULES = YES;
				CLANG_ENABLE_OBJC_ARC = YES;
				CLANG_WARN_BOOL_CONVERSION = YES;
				CLANG_WARN_CONSTANT_CONVERSION = YES;
				CLANG_WARN_DIRECT_OBJC_ISA_USAGE = YES_ERROR;
				CLANG_WARN_EMPTY_BODY = YES;
				CLANG_WARN_ENUM_CONVERSION = YES;
				CLANG_WARN_INT_CONVERSION = YES;
				CLANG_WARN_OBJC_ROOT_CLASS = YES_ERROR;
				CLANG_WARN__DUPLICATE_METHOD_MATCH = YES;
				"CODE_SIGN_IDENTITY[sdk=iphoneos*]" = "iPhone Developer";
				COPY_PHASE_STRIP = YES;
				ENABLE_NS_ASSERTIONS = NO;
				GCC_C_LANGUAGE_STANDARD = gnu99;
				GCC_WARN_64_TO_32_BIT_CONVERSION = YES;
				GCC_WARN_ABOUT_RETURN_TYPE = YES_ERROR;
				GCC_WARN_UNDECLARED_SELECTOR = YES;
				GCC_WARN_UNINITIALIZED_AUTOS = YES;
				GCC_WARN_UNUSED_FUNCTION = YES;
				GCC_WARN_UNUSED_VARIABLE = YES;
				IPHONEOS_DEPLOYMENT_TARGET = 7.0;
				SDKROOT = iphoneos;
				TARGETED_DEVICE_FAMILY = "1,2";
				VALIDATE_PRODUCT = YES;
			};
			name = Release;
		};
		6B049E3F18BE7B6500492B8B /* Debug */ = {
			isa = XCBuildConfiguration;
			buildSettings = {
				ASSETCATALOG_COMPILER_APPICON_NAME = AppIcon;
				ASSETCATALOG_COMPILER_LAUNCHIMAGE_NAME = LaunchImage;
				GCC_PRECOMPILE_PREFIX_HEADER = YES;
				GCC_PREFIX_HEADER = "ProjectGO/ProjectGO-Prefix.pch";
				INFOPLIST_FILE = "ProjectGO/ProjectGO-Info.plist";
				PRODUCT_NAME = "$(TARGET_NAME)";
				WRAPPER_EXTENSION = app;
			};
			name = Debug;
		};
		6B049E4018BE7B6500492B8B /* Release */ = {
			isa = XCBuildConfiguration;
			buildSettings = {
				ASSETCATALOG_COMPILER_APPICON_NAME = AppIcon;
				ASSETCATALOG_COMPILER_LAUNCHIMAGE_NAME = LaunchImage;
				GCC_PRECOMPILE_PREFIX_HEADER = YES;
				GCC_PREFIX_HEADER = "ProjectGO/ProjectGO-Prefix.pch";
				INFOPLIST_FILE = "ProjectGO/ProjectGO-Info.plist";
				PRODUCT_NAME = "$(TARGET_NAME)";
				WRAPPER_EXTENSION = app;
			};
			name = Release;
		};
		6B049E4218BE7B6500492B8B /* Debug */ = {
			isa = XCBuildConfiguration;
			buildSettings = {
				ARCHS = "$(ARCHS_STANDARD_INCLUDING_64_BIT)";
				BUNDLE_LOADER = "$(BUILT_PRODUCTS_DIR)/ProjectGO.app/ProjectGO";
				FRAMEWORK_SEARCH_PATHS = (
					"$(SDKROOT)/Developer/Library/Frameworks",
					"$(inherited)",
					"$(DEVELOPER_FRAMEWORKS_DIR)",
				);
				GCC_PRECOMPILE_PREFIX_HEADER = YES;
				GCC_PREFIX_HEADER = "ProjectGO/ProjectGO-Prefix.pch";
				GCC_PREPROCESSOR_DEFINITIONS = (
					"DEBUG=1",
					"$(inherited)",
				);
				INFOPLIST_FILE = "ProjectGOTests/ProjectGOTests-Info.plist";
				PRODUCT_NAME = "$(TARGET_NAME)";
				TEST_HOST = "$(BUNDLE_LOADER)";
				WRAPPER_EXTENSION = xctest;
			};
			name = Debug;
		};
		6B049E4318BE7B6500492B8B /* Release */ = {
			isa = XCBuildConfiguration;
			buildSettings = {
				ARCHS = "$(ARCHS_STANDARD_INCLUDING_64_BIT)";
				BUNDLE_LOADER = "$(BUILT_PRODUCTS_DIR)/ProjectGO.app/ProjectGO";
				FRAMEWORK_SEARCH_PATHS = (
					"$(SDKROOT)/Developer/Library/Frameworks",
					"$(inherited)",
					"$(DEVELOPER_FRAMEWORKS_DIR)",
				);
				GCC_PRECOMPILE_PREFIX_HEADER = YES;
				GCC_PREFIX_HEADER = "ProjectGO/ProjectGO-Prefix.pch";
				INFOPLIST_FILE = "ProjectGOTests/ProjectGOTests-Info.plist";
				PRODUCT_NAME = "$(TARGET_NAME)";
				TEST_HOST = "$(BUNDLE_LOADER)";
				WRAPPER_EXTENSION = xctest;
			};
			name = Release;
		};
/* End XCBuildConfiguration section */

/* Begin XCConfigurationList section */
		6B049E0418BE7B6400492B8B /* Build configuration list for PBXProject "ProjectGO" */ = {
			isa = XCConfigurationList;
			buildConfigurations = (
				6B049E3C18BE7B6500492B8B /* Debug */,
				6B049E3D18BE7B6500492B8B /* Release */,
			);
			defaultConfigurationIsVisible = 0;
			defaultConfigurationName = Release;
		};
		6B049E3E18BE7B6500492B8B /* Build configuration list for PBXNativeTarget "ProjectGO" */ = {
			isa = XCConfigurationList;
			buildConfigurations = (
				6B049E3F18BE7B6500492B8B /* Debug */,
				6B049E4018BE7B6500492B8B /* Release */,
			);
			defaultConfigurationIsVisible = 0;
		};
		6B049E4118BE7B6500492B8B /* Build configuration list for PBXNativeTarget "ProjectGOTests" */ = {
			isa = XCConfigurationList;
			buildConfigurations = (
				6B049E4218BE7B6500492B8B /* Debug */,
				6B049E4318BE7B6500492B8B /* Release */,
			);
			defaultConfigurationIsVisible = 0;
		};
/* End XCConfigurationList section */
	};
	rootObject = 6B049E0118BE7B6400492B8B /* Project object */;
}
